// !$*UTF8*$!
{
	archiveVersion = 1;
	classes = {
	};
	objectVersion = 50;
	objects = {

/* Begin PBXBuildFile section */
		8573556125B56054005FF7C2 /* AppDelegate.swift in Sources */ = {isa = PBXBuildFile; fileRef = 8573556025B56054005FF7C2 /* AppDelegate.swift */; };
		8573556325B56054005FF7C2 /* ViewController.swift in Sources */ = {isa = PBXBuildFile; fileRef = 8573556225B56054005FF7C2 /* ViewController.swift */; };
		8573556525B56054005FF7C2 /* Document.swift in Sources */ = {isa = PBXBuildFile; fileRef = 8573556425B56054005FF7C2 /* Document.swift */; };
		8573556725B56055005FF7C2 /* Assets.xcassets in Resources */ = {isa = PBXBuildFile; fileRef = 8573556625B56055005FF7C2 /* Assets.xcassets */; };
		8573556A25B56055005FF7C2 /* Main.storyboard in Resources */ = {isa = PBXBuildFile; fileRef = 8573556825B56055005FF7C2 /* Main.storyboard */; };
		8573557625B56055005FF7C2 /* JXLookTests.swift in Sources */ = {isa = PBXBuildFile; fileRef = 8573557525B56055005FF7C2 /* JXLookTests.swift */; };
		8573558125B56055005FF7C2 /* JXLookUITests.swift in Sources */ = {isa = PBXBuildFile; fileRef = 8573558025B56055005FF7C2 /* JXLookUITests.swift */; };
		857355D525B56132005FF7C2 /* LICENSE in Resources */ = {isa = PBXBuildFile; fileRef = 8573559625B56132005FF7C2 /* LICENSE */; };
		857355DB25B56132005FF7C2 /* libjxl_threads.a in Frameworks */ = {isa = PBXBuildFile; fileRef = 857355C625B56132005FF7C2 /* libjxl_threads.a */; };
		857355DC25B56132005FF7C2 /* libhwy-test.pc in Resources */ = {isa = PBXBuildFile; fileRef = 857355C825B56132005FF7C2 /* libhwy-test.pc */; };
		857355DD25B56132005FF7C2 /* libjxl.pc in Resources */ = {isa = PBXBuildFile; fileRef = 857355C925B56132005FF7C2 /* libjxl.pc */; };
		857355DE25B56132005FF7C2 /* libjxl_threads.pc in Resources */ = {isa = PBXBuildFile; fileRef = 857355CA25B56132005FF7C2 /* libjxl_threads.pc */; };
		857355DF25B56132005FF7C2 /* libhwy.pc in Resources */ = {isa = PBXBuildFile; fileRef = 857355CB25B56132005FF7C2 /* libhwy.pc */; };
		857355E025B56132005FF7C2 /* libjxl_threads.0.2.0.dylib in Frameworks */ = {isa = PBXBuildFile; fileRef = 857355CC25B56132005FF7C2 /* libjxl_threads.0.2.0.dylib */; };
		857355E125B56132005FF7C2 /* libhwy.a in Frameworks */ = {isa = PBXBuildFile; fileRef = 857355CD25B56132005FF7C2 /* libhwy.a */; };
		857355E225B56132005FF7C2 /* libjxl.a in Frameworks */ = {isa = PBXBuildFile; fileRef = 857355CE25B56132005FF7C2 /* libjxl.a */; };
		857355E325B56132005FF7C2 /* libjxl_threads.dylib in Frameworks */ = {isa = PBXBuildFile; fileRef = 857355CF25B56132005FF7C2 /* libjxl_threads.dylib */; };
		857355E425B56132005FF7C2 /* libjxl.0.dylib in Frameworks */ = {isa = PBXBuildFile; fileRef = 857355D025B56132005FF7C2 /* libjxl.0.dylib */; };
		857355E525B56132005FF7C2 /* libjxl.0.2.0.dylib in Frameworks */ = {isa = PBXBuildFile; fileRef = 857355D125B56132005FF7C2 /* libjxl.0.2.0.dylib */; };
		857355E625B56132005FF7C2 /* libjxl.dylib in Frameworks */ = {isa = PBXBuildFile; fileRef = 857355D225B56132005FF7C2 /* libjxl.dylib */; };
		857355E725B56132005FF7C2 /* libjxl_threads.0.dylib in Frameworks */ = {isa = PBXBuildFile; fileRef = 857355D325B56132005FF7C2 /* libjxl_threads.0.dylib */; };
/* End PBXBuildFile section */

/* Begin PBXContainerItemProxy section */
		8573557225B56055005FF7C2 /* PBXContainerItemProxy */ = {
			isa = PBXContainerItemProxy;
			containerPortal = 8573555525B56054005FF7C2 /* Project object */;
			proxyType = 1;
			remoteGlobalIDString = 8573555C25B56054005FF7C2;
			remoteInfo = JXLook;
		};
		8573557D25B56055005FF7C2 /* PBXContainerItemProxy */ = {
			isa = PBXContainerItemProxy;
			containerPortal = 8573555525B56054005FF7C2 /* Project object */;
			proxyType = 1;
			remoteGlobalIDString = 8573555C25B56054005FF7C2;
			remoteInfo = JXLook;
		};
/* End PBXContainerItemProxy section */

/* Begin PBXFileReference section */
		8573555D25B56054005FF7C2 /* JXLook.app */ = {isa = PBXFileReference; explicitFileType = wrapper.application; includeInIndex = 0; path = JXLook.app; sourceTree = BUILT_PRODUCTS_DIR; };
		8573556025B56054005FF7C2 /* AppDelegate.swift */ = {isa = PBXFileReference; lastKnownFileType = sourcecode.swift; path = AppDelegate.swift; sourceTree = "<group>"; };
		8573556225B56054005FF7C2 /* ViewController.swift */ = {isa = PBXFileReference; lastKnownFileType = sourcecode.swift; path = ViewController.swift; sourceTree = "<group>"; };
		8573556425B56054005FF7C2 /* Document.swift */ = {isa = PBXFileReference; lastKnownFileType = sourcecode.swift; path = Document.swift; sourceTree = "<group>"; };
		8573556625B56055005FF7C2 /* Assets.xcassets */ = {isa = PBXFileReference; lastKnownFileType = folder.assetcatalog; path = Assets.xcassets; sourceTree = "<group>"; };
		8573556925B56055005FF7C2 /* Base */ = {isa = PBXFileReference; lastKnownFileType = file.storyboard; name = Base; path = Base.lproj/Main.storyboard; sourceTree = "<group>"; };
		8573556B25B56055005FF7C2 /* Info.plist */ = {isa = PBXFileReference; lastKnownFileType = text.plist.xml; path = Info.plist; sourceTree = "<group>"; };
		8573556C25B56055005FF7C2 /* JXLook.entitlements */ = {isa = PBXFileReference; lastKnownFileType = text.plist.entitlements; path = JXLook.entitlements; sourceTree = "<group>"; };
		8573557125B56055005FF7C2 /* JXLookTests.xctest */ = {isa = PBXFileReference; explicitFileType = wrapper.cfbundle; includeInIndex = 0; path = JXLookTests.xctest; sourceTree = BUILT_PRODUCTS_DIR; };
		8573557525B56055005FF7C2 /* JXLookTests.swift */ = {isa = PBXFileReference; lastKnownFileType = sourcecode.swift; path = JXLookTests.swift; sourceTree = "<group>"; };
		8573557725B56055005FF7C2 /* Info.plist */ = {isa = PBXFileReference; lastKnownFileType = text.plist.xml; path = Info.plist; sourceTree = "<group>"; };
		8573557C25B56055005FF7C2 /* JXLookUITests.xctest */ = {isa = PBXFileReference; explicitFileType = wrapper.cfbundle; includeInIndex = 0; path = JXLookUITests.xctest; sourceTree = BUILT_PRODUCTS_DIR; };
		8573558025B56055005FF7C2 /* JXLookUITests.swift */ = {isa = PBXFileReference; lastKnownFileType = sourcecode.swift; path = JXLookUITests.swift; sourceTree = "<group>"; };
		8573558225B56055005FF7C2 /* Info.plist */ = {isa = PBXFileReference; lastKnownFileType = text.plist.xml; path = Info.plist; sourceTree = "<group>"; };
		8573559625B56132005FF7C2 /* LICENSE */ = {isa = PBXFileReference; fileEncoding = 4; lastKnownFileType = text; path = LICENSE; sourceTree = "<group>"; };
		8573559F25B56132005FF7C2 /* highway.h */ = {isa = PBXFileReference; fileEncoding = 4; lastKnownFileType = sourcecode.c.h; path = highway.h; sourceTree = "<group>"; };
		857355A025B56132005FF7C2 /* nanobenchmark.h */ = {isa = PBXFileReference; fileEncoding = 4; lastKnownFileType = sourcecode.c.h; path = nanobenchmark.h; sourceTree = "<group>"; };
		857355A225B56132005FF7C2 /* test_util-inl.h */ = {isa = PBXFileReference; fileEncoding = 4; lastKnownFileType = sourcecode.c.h; path = "test_util-inl.h"; sourceTree = "<group>"; };
		857355A325B56132005FF7C2 /* aligned_allocator.h */ = {isa = PBXFileReference; fileEncoding = 4; lastKnownFileType = sourcecode.c.h; path = aligned_allocator.h; sourceTree = "<group>"; };
		857355A425B56132005FF7C2 /* cache_control.h */ = {isa = PBXFileReference; fileEncoding = 4; lastKnownFileType = sourcecode.c.h; path = cache_control.h; sourceTree = "<group>"; };
		857355A625B56132005FF7C2 /* x86_256-inl.h */ = {isa = PBXFileReference; fileEncoding = 4; lastKnownFileType = sourcecode.c.h; path = "x86_256-inl.h"; sourceTree = "<group>"; };
		857355A725B56132005FF7C2 /* shared-inl.h */ = {isa = PBXFileReference; fileEncoding = 4; lastKnownFileType = sourcecode.c.h; path = "shared-inl.h"; sourceTree = "<group>"; };
		857355A825B56132005FF7C2 /* x86_128-inl.h */ = {isa = PBXFileReference; fileEncoding = 4; lastKnownFileType = sourcecode.c.h; path = "x86_128-inl.h"; sourceTree = "<group>"; };
		857355A925B56132005FF7C2 /* arm_neon-inl.h */ = {isa = PBXFileReference; fileEncoding = 4; lastKnownFileType = sourcecode.c.h; path = "arm_neon-inl.h"; sourceTree = "<group>"; };
		857355AA25B56132005FF7C2 /* wasm_128-inl.h */ = {isa = PBXFileReference; fileEncoding = 4; lastKnownFileType = sourcecode.c.h; path = "wasm_128-inl.h"; sourceTree = "<group>"; };
		857355AB25B56132005FF7C2 /* x86_512-inl.h */ = {isa = PBXFileReference; fileEncoding = 4; lastKnownFileType = sourcecode.c.h; path = "x86_512-inl.h"; sourceTree = "<group>"; };
		857355AC25B56132005FF7C2 /* scalar-inl.h */ = {isa = PBXFileReference; fileEncoding = 4; lastKnownFileType = sourcecode.c.h; path = "scalar-inl.h"; sourceTree = "<group>"; };
		857355AD25B56132005FF7C2 /* set_macros-inl.h */ = {isa = PBXFileReference; fileEncoding = 4; lastKnownFileType = sourcecode.c.h; path = "set_macros-inl.h"; sourceTree = "<group>"; };
		857355AE25B56132005FF7C2 /* foreach_target.h */ = {isa = PBXFileReference; fileEncoding = 4; lastKnownFileType = sourcecode.c.h; path = foreach_target.h; sourceTree = "<group>"; };
		857355AF25B56132005FF7C2 /* targets.h */ = {isa = PBXFileReference; fileEncoding = 4; lastKnownFileType = sourcecode.c.h; path = targets.h; sourceTree = "<group>"; };
		857355B025B56132005FF7C2 /* base.h */ = {isa = PBXFileReference; fileEncoding = 4; lastKnownFileType = sourcecode.c.h; path = base.h; sourceTree = "<group>"; };
		857355B225B56132005FF7C2 /* color_encoding.h */ = {isa = PBXFileReference; fileEncoding = 4; lastKnownFileType = sourcecode.c.h; path = color_encoding.h; sourceTree = "<group>"; };
		857355B325B56132005FF7C2 /* types.h */ = {isa = PBXFileReference; fileEncoding = 4; lastKnownFileType = sourcecode.c.h; path = types.h; sourceTree = "<group>"; };
		857355B425B56132005FF7C2 /* parallel_runner.h */ = {isa = PBXFileReference; fileEncoding = 4; lastKnownFileType = sourcecode.c.h; path = parallel_runner.h; sourceTree = "<group>"; };
		857355B525B56132005FF7C2 /* jxl_threads_export.h */ = {isa = PBXFileReference; fileEncoding = 4; lastKnownFileType = sourcecode.c.h; path = jxl_threads_export.h; sourceTree = "<group>"; };
		857355B625B56132005FF7C2 /* memory_manager.h */ = {isa = PBXFileReference; fileEncoding = 4; lastKnownFileType = sourcecode.c.h; path = memory_manager.h; sourceTree = "<group>"; };
		857355B725B56132005FF7C2 /* encode_cxx.h */ = {isa = PBXFileReference; fileEncoding = 4; lastKnownFileType = sourcecode.c.h; path = encode_cxx.h; sourceTree = "<group>"; };
		857355B825B56132005FF7C2 /* codestream_header.h */ = {isa = PBXFileReference; fileEncoding = 4; lastKnownFileType = sourcecode.c.h; path = codestream_header.h; sourceTree = "<group>"; };
		857355B925B56132005FF7C2 /* jxl_export.h */ = {isa = PBXFileReference; fileEncoding = 4; lastKnownFileType = sourcecode.c.h; path = jxl_export.h; sourceTree = "<group>"; };
		857355BA25B56132005FF7C2 /* thread_parallel_runner_cxx.h */ = {isa = PBXFileReference; fileEncoding = 4; lastKnownFileType = sourcecode.c.h; path = thread_parallel_runner_cxx.h; sourceTree = "<group>"; };
		857355BB25B56132005FF7C2 /* thread_parallel_runner.h */ = {isa = PBXFileReference; fileEncoding = 4; lastKnownFileType = sourcecode.c.h; path = thread_parallel_runner.h; sourceTree = "<group>"; };
		857355BC25B56132005FF7C2 /* decode_cxx.h */ = {isa = PBXFileReference; fileEncoding = 4; lastKnownFileType = sourcecode.c.h; path = decode_cxx.h; sourceTree = "<group>"; };
		857355BD25B56132005FF7C2 /* encode.h */ = {isa = PBXFileReference; fileEncoding = 4; lastKnownFileType = sourcecode.c.h; path = encode.h; sourceTree = "<group>"; };
		857355BE25B56132005FF7C2 /* decode.h */ = {isa = PBXFileReference; fileEncoding = 4; lastKnownFileType = sourcecode.c.h; path = decode.h; sourceTree = "<group>"; };
		857355C125B56132005FF7C2 /* math-inl.h */ = {isa = PBXFileReference; fileEncoding = 4; lastKnownFileType = sourcecode.c.h; path = "math-inl.h"; sourceTree = "<group>"; };
		857355C325B56132005FF7C2 /* image.h */ = {isa = PBXFileReference; fileEncoding = 4; lastKnownFileType = sourcecode.c.h; path = image.h; sourceTree = "<group>"; };
		857355C625B56132005FF7C2 /* libjxl_threads.a */ = {isa = PBXFileReference; lastKnownFileType = archive.ar; path = libjxl_threads.a; sourceTree = "<group>"; };
		857355C825B56132005FF7C2 /* libhwy-test.pc */ = {isa = PBXFileReference; fileEncoding = 4; lastKnownFileType = text; path = "libhwy-test.pc"; sourceTree = "<group>"; };
		857355C925B56132005FF7C2 /* libjxl.pc */ = {isa = PBXFileReference; fileEncoding = 4; lastKnownFileType = text; path = libjxl.pc; sourceTree = "<group>"; };
		857355CA25B56132005FF7C2 /* libjxl_threads.pc */ = {isa = PBXFileReference; fileEncoding = 4; lastKnownFileType = text; path = libjxl_threads.pc; sourceTree = "<group>"; };
		857355CB25B56132005FF7C2 /* libhwy.pc */ = {isa = PBXFileReference; fileEncoding = 4; lastKnownFileType = text; path = libhwy.pc; sourceTree = "<group>"; };
		857355CC25B56132005FF7C2 /* libjxl_threads.0.2.0.dylib */ = {isa = PBXFileReference; lastKnownFileType = "compiled.mach-o.dylib"; path = libjxl_threads.0.2.0.dylib; sourceTree = "<group>"; };
		857355CD25B56132005FF7C2 /* libhwy.a */ = {isa = PBXFileReference; lastKnownFileType = archive.ar; path = libhwy.a; sourceTree = "<group>"; };
		857355CE25B56132005FF7C2 /* libjxl.a */ = {isa = PBXFileReference; lastKnownFileType = archive.ar; path = libjxl.a; sourceTree = "<group>"; };
		857355CF25B56132005FF7C2 /* libjxl_threads.dylib */ = {isa = PBXFileReference; lastKnownFileType = "compiled.mach-o.dylib"; path = libjxl_threads.dylib; sourceTree = "<group>"; };
		857355D025B56132005FF7C2 /* libjxl.0.dylib */ = {isa = PBXFileReference; lastKnownFileType = "compiled.mach-o.dylib"; path = libjxl.0.dylib; sourceTree = "<group>"; };
		857355D125B56132005FF7C2 /* libjxl.0.2.0.dylib */ = {isa = PBXFileReference; lastKnownFileType = "compiled.mach-o.dylib"; path = libjxl.0.2.0.dylib; sourceTree = "<group>"; };
		857355D225B56132005FF7C2 /* libjxl.dylib */ = {isa = PBXFileReference; lastKnownFileType = "compiled.mach-o.dylib"; path = libjxl.dylib; sourceTree = "<group>"; };
		857355D325B56132005FF7C2 /* libjxl_threads.0.dylib */ = {isa = PBXFileReference; lastKnownFileType = "compiled.mach-o.dylib"; path = libjxl_threads.0.dylib; sourceTree = "<group>"; };
/* End PBXFileReference section */

/* Begin PBXFrameworksBuildPhase section */
		8573555A25B56054005FF7C2 /* Frameworks */ = {
			isa = PBXFrameworksBuildPhase;
			buildActionMask = 2147483647;
			files = (
				857355E225B56132005FF7C2 /* libjxl.a in Frameworks */,
				857355DB25B56132005FF7C2 /* libjxl_threads.a in Frameworks */,
				857355E025B56132005FF7C2 /* libjxl_threads.0.2.0.dylib in Frameworks */,
				857355E625B56132005FF7C2 /* libjxl.dylib in Frameworks */,
				857355E725B56132005FF7C2 /* libjxl_threads.0.dylib in Frameworks */,
				857355E425B56132005FF7C2 /* libjxl.0.dylib in Frameworks */,
				857355E325B56132005FF7C2 /* libjxl_threads.dylib in Frameworks */,
				857355E525B56132005FF7C2 /* libjxl.0.2.0.dylib in Frameworks */,
				857355E125B56132005FF7C2 /* libhwy.a in Frameworks */,
			);
			runOnlyForDeploymentPostprocessing = 0;
		};
		8573556E25B56055005FF7C2 /* Frameworks */ = {
			isa = PBXFrameworksBuildPhase;
			buildActionMask = 2147483647;
			files = (
			);
			runOnlyForDeploymentPostprocessing = 0;
		};
		8573557925B56055005FF7C2 /* Frameworks */ = {
			isa = PBXFrameworksBuildPhase;
			buildActionMask = 2147483647;
			files = (
			);
			runOnlyForDeploymentPostprocessing = 0;
		};
/* End PBXFrameworksBuildPhase section */

/* Begin PBXGroup section */
		8573555425B56054005FF7C2 = {
			isa = PBXGroup;
			children = (
				8573559425B56132005FF7C2 /* jpeg-xl */,
				8573555F25B56054005FF7C2 /* JXLook */,
				8573557425B56055005FF7C2 /* JXLookTests */,
				8573557F25B56055005FF7C2 /* JXLookUITests */,
				8573555E25B56054005FF7C2 /* Products */,
			);
			sourceTree = "<group>";
		};
		8573555E25B56054005FF7C2 /* Products */ = {
			isa = PBXGroup;
			children = (
				8573555D25B56054005FF7C2 /* JXLook.app */,
				8573557125B56055005FF7C2 /* JXLookTests.xctest */,
				8573557C25B56055005FF7C2 /* JXLookUITests.xctest */,
			);
			name = Products;
			sourceTree = "<group>";
		};
		8573555F25B56054005FF7C2 /* JXLook */ = {
			isa = PBXGroup;
			children = (
				8573556025B56054005FF7C2 /* AppDelegate.swift */,
				8573556225B56054005FF7C2 /* ViewController.swift */,
				8573556425B56054005FF7C2 /* Document.swift */,
				8573556625B56055005FF7C2 /* Assets.xcassets */,
				8573556825B56055005FF7C2 /* Main.storyboard */,
				8573556B25B56055005FF7C2 /* Info.plist */,
				8573556C25B56055005FF7C2 /* JXLook.entitlements */,
			);
			path = JXLook;
			sourceTree = "<group>";
		};
		8573557425B56055005FF7C2 /* JXLookTests */ = {
			isa = PBXGroup;
			children = (
				8573557525B56055005FF7C2 /* JXLookTests.swift */,
				8573557725B56055005FF7C2 /* Info.plist */,
			);
			path = JXLookTests;
			sourceTree = "<group>";
		};
		8573557F25B56055005FF7C2 /* JXLookUITests */ = {
			isa = PBXGroup;
			children = (
				8573558025B56055005FF7C2 /* JXLookUITests.swift */,
				8573558225B56055005FF7C2 /* Info.plist */,
			);
			path = JXLookUITests;
			sourceTree = "<group>";
		};
		8573559425B56132005FF7C2 /* jpeg-xl */ = {
			isa = PBXGroup;
			children = (
				8573559625B56132005FF7C2 /* LICENSE */,
				8573559D25B56132005FF7C2 /* include */,
				857355C525B56132005FF7C2 /* lib */,
			);
			path = "jpeg-xl";
			sourceTree = "<group>";
		};
		8573559D25B56132005FF7C2 /* include */ = {
			isa = PBXGroup;
			children = (
				8573559E25B56132005FF7C2 /* hwy */,
				857355B125B56132005FF7C2 /* jxl */,
				857355BF25B56132005FF7C2 /* contrib */,
			);
			path = include;
			sourceTree = "<group>";
		};
		8573559E25B56132005FF7C2 /* hwy */ = {
			isa = PBXGroup;
			children = (
				8573559F25B56132005FF7C2 /* highway.h */,
				857355A025B56132005FF7C2 /* nanobenchmark.h */,
				857355A125B56132005FF7C2 /* tests */,
				857355A325B56132005FF7C2 /* aligned_allocator.h */,
				857355A425B56132005FF7C2 /* cache_control.h */,
				857355A525B56132005FF7C2 /* ops */,
				857355AE25B56132005FF7C2 /* foreach_target.h */,
				857355AF25B56132005FF7C2 /* targets.h */,
				857355B025B56132005FF7C2 /* base.h */,
			);
			path = hwy;
			sourceTree = "<group>";
		};
		857355A125B56132005FF7C2 /* tests */ = {
			isa = PBXGroup;
			children = (
				857355A225B56132005FF7C2 /* test_util-inl.h */,
			);
			path = tests;
			sourceTree = "<group>";
		};
		857355A525B56132005FF7C2 /* ops */ = {
			isa = PBXGroup;
			children = (
				857355A625B56132005FF7C2 /* x86_256-inl.h */,
				857355A725B56132005FF7C2 /* shared-inl.h */,
				857355A825B56132005FF7C2 /* x86_128-inl.h */,
				857355A925B56132005FF7C2 /* arm_neon-inl.h */,
				857355AA25B56132005FF7C2 /* wasm_128-inl.h */,
				857355AB25B56132005FF7C2 /* x86_512-inl.h */,
				857355AC25B56132005FF7C2 /* scalar-inl.h */,
				857355AD25B56132005FF7C2 /* set_macros-inl.h */,
			);
			path = ops;
			sourceTree = "<group>";
		};
		857355B125B56132005FF7C2 /* jxl */ = {
			isa = PBXGroup;
			children = (
				857355B225B56132005FF7C2 /* color_encoding.h */,
				857355B325B56132005FF7C2 /* types.h */,
				857355B425B56132005FF7C2 /* parallel_runner.h */,
				857355B525B56132005FF7C2 /* jxl_threads_export.h */,
				857355B625B56132005FF7C2 /* memory_manager.h */,
				857355B725B56132005FF7C2 /* encode_cxx.h */,
				857355B825B56132005FF7C2 /* codestream_header.h */,
				857355B925B56132005FF7C2 /* jxl_export.h */,
				857355BA25B56132005FF7C2 /* thread_parallel_runner_cxx.h */,
				857355BB25B56132005FF7C2 /* thread_parallel_runner.h */,
				857355BC25B56132005FF7C2 /* decode_cxx.h */,
				857355BD25B56132005FF7C2 /* encode.h */,
				857355BE25B56132005FF7C2 /* decode.h */,
			);
			path = jxl;
			sourceTree = "<group>";
		};
		857355BF25B56132005FF7C2 /* contrib */ = {
			isa = PBXGroup;
			children = (
				857355C025B56132005FF7C2 /* math */,
				857355C225B56132005FF7C2 /* image */,
			);
			path = contrib;
			sourceTree = "<group>";
		};
		857355C025B56132005FF7C2 /* math */ = {
			isa = PBXGroup;
			children = (
				857355C125B56132005FF7C2 /* math-inl.h */,
			);
			path = math;
			sourceTree = "<group>";
		};
		857355C225B56132005FF7C2 /* image */ = {
			isa = PBXGroup;
			children = (
				857355C325B56132005FF7C2 /* image.h */,
			);
			path = image;
			sourceTree = "<group>";
		};
		857355C525B56132005FF7C2 /* lib */ = {
			isa = PBXGroup;
			children = (
				857355C625B56132005FF7C2 /* libjxl_threads.a */,
				857355C725B56132005FF7C2 /* pkgconfig */,
				857355CC25B56132005FF7C2 /* libjxl_threads.0.2.0.dylib */,
				857355CD25B56132005FF7C2 /* libhwy.a */,
				857355CE25B56132005FF7C2 /* libjxl.a */,
				857355CF25B56132005FF7C2 /* libjxl_threads.dylib */,
				857355D025B56132005FF7C2 /* libjxl.0.dylib */,
				857355D125B56132005FF7C2 /* libjxl.0.2.0.dylib */,
				857355D225B56132005FF7C2 /* libjxl.dylib */,
				857355D325B56132005FF7C2 /* libjxl_threads.0.dylib */,
			);
			path = lib;
			sourceTree = "<group>";
		};
		857355C725B56132005FF7C2 /* pkgconfig */ = {
			isa = PBXGroup;
			children = (
				857355C825B56132005FF7C2 /* libhwy-test.pc */,
				857355C925B56132005FF7C2 /* libjxl.pc */,
				857355CA25B56132005FF7C2 /* libjxl_threads.pc */,
				857355CB25B56132005FF7C2 /* libhwy.pc */,
			);
			path = pkgconfig;
			sourceTree = "<group>";
		};
/* End PBXGroup section */

/* Begin PBXNativeTarget section */
		8573555C25B56054005FF7C2 /* JXLook */ = {
			isa = PBXNativeTarget;
			buildConfigurationList = 8573558525B56055005FF7C2 /* Build configuration list for PBXNativeTarget "JXLook" */;
			buildPhases = (
				8573555925B56054005FF7C2 /* Sources */,
				8573555A25B56054005FF7C2 /* Frameworks */,
				8573555B25B56054005FF7C2 /* Resources */,
			);
			buildRules = (
			);
			dependencies = (
			);
			name = JXLook;
			productName = JXLook;
			productReference = 8573555D25B56054005FF7C2 /* JXLook.app */;
			productType = "com.apple.product-type.application";
		};
		8573557025B56055005FF7C2 /* JXLookTests */ = {
			isa = PBXNativeTarget;
			buildConfigurationList = 8573558825B56055005FF7C2 /* Build configuration list for PBXNativeTarget "JXLookTests" */;
			buildPhases = (
				8573556D25B56055005FF7C2 /* Sources */,
				8573556E25B56055005FF7C2 /* Frameworks */,
				8573556F25B56055005FF7C2 /* Resources */,
			);
			buildRules = (
			);
			dependencies = (
				8573557325B56055005FF7C2 /* PBXTargetDependency */,
			);
			name = JXLookTests;
			productName = JXLookTests;
			productReference = 8573557125B56055005FF7C2 /* JXLookTests.xctest */;
			productType = "com.apple.product-type.bundle.unit-test";
		};
		8573557B25B56055005FF7C2 /* JXLookUITests */ = {
			isa = PBXNativeTarget;
			buildConfigurationList = 8573558B25B56055005FF7C2 /* Build configuration list for PBXNativeTarget "JXLookUITests" */;
			buildPhases = (
				8573557825B56055005FF7C2 /* Sources */,
				8573557925B56055005FF7C2 /* Frameworks */,
				8573557A25B56055005FF7C2 /* Resources */,
			);
			buildRules = (
			);
			dependencies = (
				8573557E25B56055005FF7C2 /* PBXTargetDependency */,
			);
			name = JXLookUITests;
			productName = JXLookUITests;
			productReference = 8573557C25B56055005FF7C2 /* JXLookUITests.xctest */;
			productType = "com.apple.product-type.bundle.ui-testing";
		};
/* End PBXNativeTarget section */

/* Begin PBXProject section */
		8573555525B56054005FF7C2 /* Project object */ = {
			isa = PBXProject;
			attributes = {
				LastSwiftUpdateCheck = 1220;
				LastUpgradeCheck = 1220;
				TargetAttributes = {
					8573555C25B56054005FF7C2 = {
						CreatedOnToolsVersion = 12.2;
					};
					8573557025B56055005FF7C2 = {
						CreatedOnToolsVersion = 12.2;
						TestTargetID = 8573555C25B56054005FF7C2;
					};
					8573557B25B56055005FF7C2 = {
						CreatedOnToolsVersion = 12.2;
						TestTargetID = 8573555C25B56054005FF7C2;
					};
				};
			};
			buildConfigurationList = 8573555825B56054005FF7C2 /* Build configuration list for PBXProject "JXLook" */;
			compatibilityVersion = "Xcode 9.3";
			developmentRegion = en;
			hasScannedForEncodings = 0;
			knownRegions = (
				en,
				Base,
			);
			mainGroup = 8573555425B56054005FF7C2;
			productRefGroup = 8573555E25B56054005FF7C2 /* Products */;
			projectDirPath = "";
			projectRoot = "";
			targets = (
				8573555C25B56054005FF7C2 /* JXLook */,
				8573557025B56055005FF7C2 /* JXLookTests */,
				8573557B25B56055005FF7C2 /* JXLookUITests */,
			);
		};
/* End PBXProject section */

/* Begin PBXResourcesBuildPhase section */
		8573555B25B56054005FF7C2 /* Resources */ = {
			isa = PBXResourcesBuildPhase;
			buildActionMask = 2147483647;
			files = (
				8573556725B56055005FF7C2 /* Assets.xcassets in Resources */,
				857355DC25B56132005FF7C2 /* libhwy-test.pc in Resources */,
				8573556A25B56055005FF7C2 /* Main.storyboard in Resources */,
				857355DE25B56132005FF7C2 /* libjxl_threads.pc in Resources */,
				857355DD25B56132005FF7C2 /* libjxl.pc in Resources */,
				857355D525B56132005FF7C2 /* LICENSE in Resources */,
				857355DF25B56132005FF7C2 /* libhwy.pc in Resources */,
			);
			runOnlyForDeploymentPostprocessing = 0;
		};
		8573556F25B56055005FF7C2 /* Resources */ = {
			isa = PBXResourcesBuildPhase;
			buildActionMask = 2147483647;
			files = (
			);
			runOnlyForDeploymentPostprocessing = 0;
		};
		8573557A25B56055005FF7C2 /* Resources */ = {
			isa = PBXResourcesBuildPhase;
			buildActionMask = 2147483647;
			files = (
			);
			runOnlyForDeploymentPostprocessing = 0;
		};
/* End PBXResourcesBuildPhase section */

/* Begin PBXSourcesBuildPhase section */
		8573555925B56054005FF7C2 /* Sources */ = {
			isa = PBXSourcesBuildPhase;
			buildActionMask = 2147483647;
			files = (
				8573556325B56054005FF7C2 /* ViewController.swift in Sources */,
				8573556125B56054005FF7C2 /* AppDelegate.swift in Sources */,
				8573556525B56054005FF7C2 /* Document.swift in Sources */,
			);
			runOnlyForDeploymentPostprocessing = 0;
		};
		8573556D25B56055005FF7C2 /* Sources */ = {
			isa = PBXSourcesBuildPhase;
			buildActionMask = 2147483647;
			files = (
				8573557625B56055005FF7C2 /* JXLookTests.swift in Sources */,
			);
			runOnlyForDeploymentPostprocessing = 0;
		};
		8573557825B56055005FF7C2 /* Sources */ = {
			isa = PBXSourcesBuildPhase;
			buildActionMask = 2147483647;
			files = (
				8573558125B56055005FF7C2 /* JXLookUITests.swift in Sources */,
			);
			runOnlyForDeploymentPostprocessing = 0;
		};
/* End PBXSourcesBuildPhase section */

/* Begin PBXTargetDependency section */
		8573557325B56055005FF7C2 /* PBXTargetDependency */ = {
			isa = PBXTargetDependency;
			target = 8573555C25B56054005FF7C2 /* JXLook */;
			targetProxy = 8573557225B56055005FF7C2 /* PBXContainerItemProxy */;
		};
		8573557E25B56055005FF7C2 /* PBXTargetDependency */ = {
			isa = PBXTargetDependency;
			target = 8573555C25B56054005FF7C2 /* JXLook */;
			targetProxy = 8573557D25B56055005FF7C2 /* PBXContainerItemProxy */;
		};
/* End PBXTargetDependency section */

/* Begin PBXVariantGroup section */
		8573556825B56055005FF7C2 /* Main.storyboard */ = {
			isa = PBXVariantGroup;
			children = (
				8573556925B56055005FF7C2 /* Base */,
			);
			name = Main.storyboard;
			sourceTree = "<group>";
		};
/* End PBXVariantGroup section */

/* Begin XCBuildConfiguration section */
		8573558325B56055005FF7C2 /* Debug */ = {
			isa = XCBuildConfiguration;
			buildSettings = {
				ALWAYS_SEARCH_USER_PATHS = NO;
				CLANG_ANALYZER_NONNULL = YES;
				CLANG_ANALYZER_NUMBER_OBJECT_CONVERSION = YES_AGGRESSIVE;
				CLANG_CXX_LANGUAGE_STANDARD = "gnu++14";
				CLANG_CXX_LIBRARY = "libc++";
				CLANG_ENABLE_MODULES = YES;
				CLANG_ENABLE_OBJC_ARC = YES;
				CLANG_ENABLE_OBJC_WEAK = YES;
				CLANG_WARN_BLOCK_CAPTURE_AUTORELEASING = YES;
				CLANG_WARN_BOOL_CONVERSION = YES;
				CLANG_WARN_COMMA = YES;
				CLANG_WARN_CONSTANT_CONVERSION = YES;
				CLANG_WARN_DEPRECATED_OBJC_IMPLEMENTATIONS = YES;
				CLANG_WARN_DIRECT_OBJC_ISA_USAGE = YES_ERROR;
				CLANG_WARN_DOCUMENTATION_COMMENTS = YES;
				CLANG_WARN_EMPTY_BODY = YES;
				CLANG_WARN_ENUM_CONVERSION = YES;
				CLANG_WARN_INFINITE_RECURSION = YES;
				CLANG_WARN_INT_CONVERSION = YES;
				CLANG_WARN_NON_LITERAL_NULL_CONVERSION = YES;
				CLANG_WARN_OBJC_IMPLICIT_RETAIN_SELF = YES;
				CLANG_WARN_OBJC_LITERAL_CONVERSION = YES;
				CLANG_WARN_OBJC_ROOT_CLASS = YES_ERROR;
				CLANG_WARN_QUOTED_INCLUDE_IN_FRAMEWORK_HEADER = YES;
				CLANG_WARN_RANGE_LOOP_ANALYSIS = YES;
				CLANG_WARN_STRICT_PROTOTYPES = YES;
				CLANG_WARN_SUSPICIOUS_MOVE = YES;
				CLANG_WARN_UNGUARDED_AVAILABILITY = YES_AGGRESSIVE;
				CLANG_WARN_UNREACHABLE_CODE = YES;
				CLANG_WARN__DUPLICATE_METHOD_MATCH = YES;
				COPY_PHASE_STRIP = NO;
				DEBUG_INFORMATION_FORMAT = dwarf;
				ENABLE_STRICT_OBJC_MSGSEND = YES;
				ENABLE_TESTABILITY = YES;
				GCC_C_LANGUAGE_STANDARD = gnu11;
				GCC_DYNAMIC_NO_PIC = NO;
				GCC_NO_COMMON_BLOCKS = YES;
				GCC_OPTIMIZATION_LEVEL = 0;
				GCC_PREPROCESSOR_DEFINITIONS = (
					"DEBUG=1",
					"$(inherited)",
				);
				GCC_WARN_64_TO_32_BIT_CONVERSION = YES;
				GCC_WARN_ABOUT_RETURN_TYPE = YES_ERROR;
				GCC_WARN_UNDECLARED_SELECTOR = YES;
				GCC_WARN_UNINITIALIZED_AUTOS = YES_AGGRESSIVE;
				GCC_WARN_UNUSED_FUNCTION = YES;
				GCC_WARN_UNUSED_VARIABLE = YES;
				MACOSX_DEPLOYMENT_TARGET = 11.0;
				MTL_ENABLE_DEBUG_INFO = INCLUDE_SOURCE;
				MTL_FAST_MATH = YES;
				ONLY_ACTIVE_ARCH = YES;
				SDKROOT = macosx;
				SWIFT_ACTIVE_COMPILATION_CONDITIONS = DEBUG;
				SWIFT_OPTIMIZATION_LEVEL = "-Onone";
			};
			name = Debug;
		};
		8573558425B56055005FF7C2 /* Release */ = {
			isa = XCBuildConfiguration;
			buildSettings = {
				ALWAYS_SEARCH_USER_PATHS = NO;
				CLANG_ANALYZER_NONNULL = YES;
				CLANG_ANALYZER_NUMBER_OBJECT_CONVERSION = YES_AGGRESSIVE;
				CLANG_CXX_LANGUAGE_STANDARD = "gnu++14";
				CLANG_CXX_LIBRARY = "libc++";
				CLANG_ENABLE_MODULES = YES;
				CLANG_ENABLE_OBJC_ARC = YES;
				CLANG_ENABLE_OBJC_WEAK = YES;
				CLANG_WARN_BLOCK_CAPTURE_AUTORELEASING = YES;
				CLANG_WARN_BOOL_CONVERSION = YES;
				CLANG_WARN_COMMA = YES;
				CLANG_WARN_CONSTANT_CONVERSION = YES;
				CLANG_WARN_DEPRECATED_OBJC_IMPLEMENTATIONS = YES;
				CLANG_WARN_DIRECT_OBJC_ISA_USAGE = YES_ERROR;
				CLANG_WARN_DOCUMENTATION_COMMENTS = YES;
				CLANG_WARN_EMPTY_BODY = YES;
				CLANG_WARN_ENUM_CONVERSION = YES;
				CLANG_WARN_INFINITE_RECURSION = YES;
				CLANG_WARN_INT_CONVERSION = YES;
				CLANG_WARN_NON_LITERAL_NULL_CONVERSION = YES;
				CLANG_WARN_OBJC_IMPLICIT_RETAIN_SELF = YES;
				CLANG_WARN_OBJC_LITERAL_CONVERSION = YES;
				CLANG_WARN_OBJC_ROOT_CLASS = YES_ERROR;
				CLANG_WARN_QUOTED_INCLUDE_IN_FRAMEWORK_HEADER = YES;
				CLANG_WARN_RANGE_LOOP_ANALYSIS = YES;
				CLANG_WARN_STRICT_PROTOTYPES = YES;
				CLANG_WARN_SUSPICIOUS_MOVE = YES;
				CLANG_WARN_UNGUARDED_AVAILABILITY = YES_AGGRESSIVE;
				CLANG_WARN_UNREACHABLE_CODE = YES;
				CLANG_WARN__DUPLICATE_METHOD_MATCH = YES;
				COPY_PHASE_STRIP = NO;
				DEBUG_INFORMATION_FORMAT = "dwarf-with-dsym";
				ENABLE_NS_ASSERTIONS = NO;
				ENABLE_STRICT_OBJC_MSGSEND = YES;
				GCC_C_LANGUAGE_STANDARD = gnu11;
				GCC_NO_COMMON_BLOCKS = YES;
				GCC_WARN_64_TO_32_BIT_CONVERSION = YES;
				GCC_WARN_ABOUT_RETURN_TYPE = YES_ERROR;
				GCC_WARN_UNDECLARED_SELECTOR = YES;
				GCC_WARN_UNINITIALIZED_AUTOS = YES_AGGRESSIVE;
				GCC_WARN_UNUSED_FUNCTION = YES;
				GCC_WARN_UNUSED_VARIABLE = YES;
				MACOSX_DEPLOYMENT_TARGET = 11.0;
				MTL_ENABLE_DEBUG_INFO = NO;
				MTL_FAST_MATH = YES;
				SDKROOT = macosx;
				SWIFT_COMPILATION_MODE = wholemodule;
				SWIFT_OPTIMIZATION_LEVEL = "-O";
			};
			name = Release;
		};
		8573558625B56055005FF7C2 /* Debug */ = {
			isa = XCBuildConfiguration;
			buildSettings = {
				ASSETCATALOG_COMPILER_APPICON_NAME = AppIcon;
				ASSETCATALOG_COMPILER_GLOBAL_ACCENT_COLOR_NAME = AccentColor;
				CODE_SIGN_ENTITLEMENTS = JXLook/JXLook.entitlements;
				CODE_SIGN_STYLE = Automatic;
				COMBINE_HIDPI_IMAGES = YES;
				DEVELOPMENT_TEAM = Z8M6R7T8R8;
				ENABLE_HARDENED_RUNTIME = YES;
				INFOPLIST_FILE = JXLook/Info.plist;
				LD_RUNPATH_SEARCH_PATHS = (
					"$(inherited)",
					"@executable_path/../Frameworks",
				);
				LIBRARY_SEARCH_PATHS = (
					"$(inherited)",
					"$(PROJECT_DIR)/0.2/lib",
				);
				PRODUCT_BUNDLE_IDENTIFIER = org.yllan.JXLook;
				PRODUCT_NAME = "$(TARGET_NAME)";
				SWIFT_VERSION = 5.0;
			};
			name = Debug;
		};
		8573558725B56055005FF7C2 /* Release */ = {
			isa = XCBuildConfiguration;
			buildSettings = {
				ASSETCATALOG_COMPILER_APPICON_NAME = AppIcon;
				ASSETCATALOG_COMPILER_GLOBAL_ACCENT_COLOR_NAME = AccentColor;
				CODE_SIGN_ENTITLEMENTS = JXLook/JXLook.entitlements;
				CODE_SIGN_STYLE = Automatic;
				COMBINE_HIDPI_IMAGES = YES;
				DEVELOPMENT_TEAM = Z8M6R7T8R8;
				ENABLE_HARDENED_RUNTIME = YES;
				INFOPLIST_FILE = JXLook/Info.plist;
				LD_RUNPATH_SEARCH_PATHS = (
					"$(inherited)",
					"@executable_path/../Frameworks",
				);
				LIBRARY_SEARCH_PATHS = (
					"$(inherited)",
					"$(PROJECT_DIR)/0.2/lib",
				);
				PRODUCT_BUNDLE_IDENTIFIER = org.yllan.JXLook;
				PRODUCT_NAME = "$(TARGET_NAME)";
				SWIFT_VERSION = 5.0;
			};
			name = Release;
		};
		8573558925B56055005FF7C2 /* Debug */ = {
			isa = XCBuildConfiguration;
			buildSettings = {
				ALWAYS_EMBED_SWIFT_STANDARD_LIBRARIES = YES;
				BUNDLE_LOADER = "$(TEST_HOST)";
				CODE_SIGN_STYLE = Automatic;
				COMBINE_HIDPI_IMAGES = YES;
				DEVELOPMENT_TEAM = Z8M6R7T8R8;
				INFOPLIST_FILE = JXLookTests/Info.plist;
				LD_RUNPATH_SEARCH_PATHS = (
					"$(inherited)",
					"@executable_path/../Frameworks",
					"@loader_path/../Frameworks",
				);
				MACOSX_DEPLOYMENT_TARGET = 11.0;
				PRODUCT_BUNDLE_IDENTIFIER = org.yllan.JXLookTests;
				PRODUCT_NAME = "$(TARGET_NAME)";
				SWIFT_VERSION = 5.0;
				TEST_HOST = "$(BUILT_PRODUCTS_DIR)/JXLook.app/Contents/MacOS/JXLook";
			};
			name = Debug;
		};
		8573558A25B56055005FF7C2 /* Release */ = {
			isa = XCBuildConfiguration;
			buildSettings = {
				ALWAYS_EMBED_SWIFT_STANDARD_LIBRARIES = YES;
				BUNDLE_LOADER = "$(TEST_HOST)";
				CODE_SIGN_STYLE = Automatic;
				COMBINE_HIDPI_IMAGES = YES;
				DEVELOPMENT_TEAM = Z8M6R7T8R8;
				INFOPLIST_FILE = JXLookTests/Info.plist;
				LD_RUNPATH_SEARCH_PATHS = (
					"$(inherited)",
					"@executable_path/../Frameworks",
					"@loader_path/../Frameworks",
				);
				MACOSX_DEPLOYMENT_TARGET = 11.0;
				PRODUCT_BUNDLE_IDENTIFIER = org.yllan.JXLookTests;
				PRODUCT_NAME = "$(TARGET_NAME)";
				SWIFT_VERSION = 5.0;
				TEST_HOST = "$(BUILT_PRODUCTS_DIR)/JXLook.app/Contents/MacOS/JXLook";
			};
			name = Release;
		};
		8573558C25B56055005FF7C2 /* Debug */ = {
			isa = XCBuildConfiguration;
			buildSettings = {
				ALWAYS_EMBED_SWIFT_STANDARD_LIBRARIES = YES;
				CODE_SIGN_STYLE = Automatic;
				COMBINE_HIDPI_IMAGES = YES;
				DEVELOPMENT_TEAM = Z8M6R7T8R8;
				INFOPLIST_FILE = JXLookUITests/Info.plist;
				LD_RUNPATH_SEARCH_PATHS = (
					"$(inherited)",
					"@executable_path/../Frameworks",
					"@loader_path/../Frameworks",
				);
				PRODUCT_BUNDLE_IDENTIFIER = org.yllan.JXLookUITests;
				PRODUCT_NAME = "$(TARGET_NAME)";
				SWIFT_VERSION = 5.0;
				TEST_TARGET_NAME = JXLook;
			};
			name = Debug;
		};
		8573558D25B56055005FF7C2 /* Release */ = {
			isa = XCBuildConfiguration;
			buildSettings = {
				ALWAYS_EMBED_SWIFT_STANDARD_LIBRARIES = YES;
				CODE_SIGN_STYLE = Automatic;
				COMBINE_HIDPI_IMAGES = YES;
				DEVELOPMENT_TEAM = Z8M6R7T8R8;
				INFOPLIST_FILE = JXLookUITests/Info.plist;
				LD_RUNPATH_SEARCH_PATHS = (
					"$(inherited)",
					"@executable_path/../Frameworks",
					"@loader_path/../Frameworks",
				);
				PRODUCT_BUNDLE_IDENTIFIER = org.yllan.JXLookUITests;
				PRODUCT_NAME = "$(TARGET_NAME)";
				SWIFT_VERSION = 5.0;
				TEST_TARGET_NAME = JXLook;
			};
			name = Release;
		};
/* End XCBuildConfiguration section */

/* Begin XCConfigurationList section */
		8573555825B56054005FF7C2 /* Build configuration list for PBXProject "JXLook" */ = {
			isa = XCConfigurationList;
			buildConfigurations = (
				8573558325B56055005FF7C2 /* Debug */,
				8573558425B56055005FF7C2 /* Release */,
			);
			defaultConfigurationIsVisible = 0;
			defaultConfigurationName = Release;
		};
		8573558525B56055005FF7C2 /* Build configuration list for PBXNativeTarget "JXLook" */ = {
			isa = XCConfigurationList;
			buildConfigurations = (
				8573558625B56055005FF7C2 /* Debug */,
				8573558725B56055005FF7C2 /* Release */,
			);
			defaultConfigurationIsVisible = 0;
			defaultConfigurationName = Release;
		};
		8573558825B56055005FF7C2 /* Build configuration list for PBXNativeTarget "JXLookTests" */ = {
			isa = XCConfigurationList;
			buildConfigurations = (
				8573558925B56055005FF7C2 /* Debug */,
				8573558A25B56055005FF7C2 /* Release */,
			);
			defaultConfigurationIsVisible = 0;
			defaultConfigurationName = Release;
		};
		8573558B25B56055005FF7C2 /* Build configuration list for PBXNativeTarget "JXLookUITests" */ = {
			isa = XCConfigurationList;
			buildConfigurations = (
				8573558C25B56055005FF7C2 /* Debug */,
				8573558D25B56055005FF7C2 /* Release */,
			);
			defaultConfigurationIsVisible = 0;
			defaultConfigurationName = Release;
		};
/* End XCConfigurationList section */
	};
	rootObject = 8573555525B56054005FF7C2 /* Project object */;
}
