// !$*UTF8*$!
{
	archiveVersion = 1;
	classes = {
	};
	objectVersion = 50;
	objects = {

/* Begin PBXBuildFile section */
		8573556125B56054005FF7C2 /* AppDelegate.swift in Sources */ = {isa = PBXBuildFile; fileRef = 8573556025B56054005FF7C2 /* AppDelegate.swift */; };
		8573556325B56054005FF7C2 /* ViewController.swift in Sources */ = {isa = PBXBuildFile; fileRef = 8573556225B56054005FF7C2 /* ViewController.swift */; };
		8573556525B56054005FF7C2 /* Document.swift in Sources */ = {isa = PBXBuildFile; fileRef = 8573556425B56054005FF7C2 /* Document.swift */; };
		8573556725B56055005FF7C2 /* Assets.xcassets in Resources */ = {isa = PBXBuildFile; fileRef = 8573556625B56055005FF7C2 /* Assets.xcassets */; };
		8573556A25B56055005FF7C2 /* Main.storyboard in Resources */ = {isa = PBXBuildFile; fileRef = 8573556825B56055005FF7C2 /* Main.storyboard */; };
		8573557625B56055005FF7C2 /* JXLookTests.swift in Sources */ = {isa = PBXBuildFile; fileRef = 8573557525B56055005FF7C2 /* JXLookTests.swift */; };
		8573558125B56055005FF7C2 /* JXLookUITests.swift in Sources */ = {isa = PBXBuildFile; fileRef = 8573558025B56055005FF7C2 /* JXLookUITests.swift */; };
		8598D00F25B805AE00C08958 /* CenterClipView.swift in Sources */ = {isa = PBXBuildFile; fileRef = 8598D00E25B805AE00C08958 /* CenterClipView.swift */; };
		859C08F025C655E400BAFE90 /* libjxl_threads.a in Frameworks */ = {isa = PBXBuildFile; fileRef = 859C059C25C645F400BAFE90 /* libjxl_threads.a */; };
		859C08F125C655E400BAFE90 /* libjxl.a in Frameworks */ = {isa = PBXBuildFile; fileRef = 859C059625C645F400BAFE90 /* libjxl.a */; };
		859C08F625C6561100BAFE90 /* libhwy.a in Frameworks */ = {isa = PBXBuildFile; fileRef = 859C058C25C645F400BAFE90 /* libhwy.a */; };
		859C08FB25C6563100BAFE90 /* libskcms.a in Frameworks */ = {isa = PBXBuildFile; fileRef = 859C05A625C645F400BAFE90 /* libskcms.a */; };
		859C090425C6564F00BAFE90 /* libbrotlicommon-static.a in Frameworks */ = {isa = PBXBuildFile; fileRef = 859C057625C645F400BAFE90 /* libbrotlicommon-static.a */; };
		859C090525C6564F00BAFE90 /* libbrotlidec-static.a in Frameworks */ = {isa = PBXBuildFile; fileRef = 859C057A25C645F400BAFE90 /* libbrotlidec-static.a */; };
		859C090625C6564F00BAFE90 /* libbrotlienc-static.a in Frameworks */ = {isa = PBXBuildFile; fileRef = 859C057E25C645F400BAFE90 /* libbrotlienc-static.a */; };
		859C090A25C6566400BAFE90 /* libc++.1.tbd in Frameworks */ = {isa = PBXBuildFile; fileRef = 859C090925C6566400BAFE90 /* libc++.1.tbd */; };
		859C090D25C656D500BAFE90 /* libbrotlicommon-static.a in Frameworks */ = {isa = PBXBuildFile; fileRef = 859C057625C645F400BAFE90 /* libbrotlicommon-static.a */; };
		859C090E25C656D500BAFE90 /* libbrotlidec-static.a in Frameworks */ = {isa = PBXBuildFile; fileRef = 859C057A25C645F400BAFE90 /* libbrotlidec-static.a */; };
		859C090F25C656D500BAFE90 /* libbrotlienc-static.a in Frameworks */ = {isa = PBXBuildFile; fileRef = 859C057E25C645F400BAFE90 /* libbrotlienc-static.a */; };
		859C091025C656D500BAFE90 /* libhwy.a in Frameworks */ = {isa = PBXBuildFile; fileRef = 859C058C25C645F400BAFE90 /* libhwy.a */; };
		859C091125C656D500BAFE90 /* libjxl_threads.a in Frameworks */ = {isa = PBXBuildFile; fileRef = 859C059C25C645F400BAFE90 /* libjxl_threads.a */; };
		859C091225C656D500BAFE90 /* libjxl.a in Frameworks */ = {isa = PBXBuildFile; fileRef = 859C059625C645F400BAFE90 /* libjxl.a */; };
		859C091325C656D500BAFE90 /* libskcms.a in Frameworks */ = {isa = PBXBuildFile; fileRef = 859C05A625C645F400BAFE90 /* libskcms.a */; };
		859C091425C656DE00BAFE90 /* libc++.tbd in Frameworks */ = {isa = PBXBuildFile; fileRef = 8573564725B5D4E2005FF7C2 /* libc++.tbd */; };
		859C0BA725C7E22800BAFE90 /* Sparkle.framework in Frameworks */ = {isa = PBXBuildFile; fileRef = 859C0BA525C7E20000BAFE90 /* Sparkle.framework */; };
		859C0BA825C7E22800BAFE90 /* Sparkle.framework in Embed Frameworks */ = {isa = PBXBuildFile; fileRef = 859C0BA525C7E20000BAFE90 /* Sparkle.framework */; settings = {ATTRIBUTES = (CodeSignOnCopy, RemoveHeadersOnCopy, ); }; };
		85FC6DCA25BAC56E00A1AAF4 /* Quartz.framework in Frameworks */ = {isa = PBXBuildFile; fileRef = 85FC6DC925BAC56E00A1AAF4 /* Quartz.framework */; };
		85FC6DCD25BAC56E00A1AAF4 /* PreviewViewController.swift in Sources */ = {isa = PBXBuildFile; fileRef = 85FC6DCC25BAC56E00A1AAF4 /* PreviewViewController.swift */; };
		85FC6DD025BAC56E00A1AAF4 /* PreviewViewController.xib in Resources */ = {isa = PBXBuildFile; fileRef = 85FC6DCE25BAC56E00A1AAF4 /* PreviewViewController.xib */; };
		85FC6DD525BAC56E00A1AAF4 /* JXQuickLook.appex in Embed App Extensions */ = {isa = PBXBuildFile; fileRef = 85FC6DC825BAC56E00A1AAF4 /* JXQuickLook.appex */; settings = {ATTRIBUTES = (RemoveHeadersOnCopy, ); }; };
		85FC6E5025BAD03500A1AAF4 /* JXL.swift in Sources */ = {isa = PBXBuildFile; fileRef = 85FC6E4F25BAD03500A1AAF4 /* JXL.swift */; };
		85FC6E5125BAD03500A1AAF4 /* JXL.swift in Sources */ = {isa = PBXBuildFile; fileRef = 85FC6E4F25BAD03500A1AAF4 /* JXL.swift */; };
/* End PBXBuildFile section */

/* Begin PBXContainerItemProxy section */
		8573557225B56055005FF7C2 /* PBXContainerItemProxy */ = {
			isa = PBXContainerItemProxy;
			containerPortal = 8573555525B56054005FF7C2 /* Project object */;
			proxyType = 1;
			remoteGlobalIDString = 8573555C25B56054005FF7C2;
			remoteInfo = JXLook;
		};
		8573557D25B56055005FF7C2 /* PBXContainerItemProxy */ = {
			isa = PBXContainerItemProxy;
			containerPortal = 8573555525B56054005FF7C2 /* Project object */;
			proxyType = 1;
			remoteGlobalIDString = 8573555C25B56054005FF7C2;
			remoteInfo = JXLook;
		};
		859C056F25C645F400BAFE90 /* PBXContainerItemProxy */ = {
			isa = PBXContainerItemProxy;
			containerPortal = 859C054525C645F300BAFE90 /* JPEGXL.xcodeproj */;
			proxyType = 2;
			remoteGlobalIDString = 7C0092276A0549239F7A7AA7;
			remoteInfo = box;
		};
		859C057325C645F400BAFE90 /* PBXContainerItemProxy */ = {
			isa = PBXContainerItemProxy;
			containerPortal = 859C054525C645F300BAFE90 /* JPEGXL.xcodeproj */;
			proxyType = 2;
			remoteGlobalIDString = 98486B54E6794AC5A5D6EE1A;
			remoteInfo = brotlicommon;
		};
		859C057525C645F400BAFE90 /* PBXContainerItemProxy */ = {
			isa = PBXContainerItemProxy;
			containerPortal = 859C054525C645F300BAFE90 /* JPEGXL.xcodeproj */;
			proxyType = 2;
			remoteGlobalIDString = 3CA96651007C4A07A3B1AB7D;
			remoteInfo = "brotlicommon-static";
		};
		859C057725C645F400BAFE90 /* PBXContainerItemProxy */ = {
			isa = PBXContainerItemProxy;
			containerPortal = 859C054525C645F300BAFE90 /* JPEGXL.xcodeproj */;
			proxyType = 2;
			remoteGlobalIDString = 774854F9EC524146B95B31B3;
			remoteInfo = brotlidec;
		};
		859C057925C645F400BAFE90 /* PBXContainerItemProxy */ = {
			isa = PBXContainerItemProxy;
			containerPortal = 859C054525C645F300BAFE90 /* JPEGXL.xcodeproj */;
			proxyType = 2;
			remoteGlobalIDString = CC9767DF94634FFD9DB62099;
			remoteInfo = "brotlidec-static";
		};
		859C057B25C645F400BAFE90 /* PBXContainerItemProxy */ = {
			isa = PBXContainerItemProxy;
			containerPortal = 859C054525C645F300BAFE90 /* JPEGXL.xcodeproj */;
			proxyType = 2;
			remoteGlobalIDString = 40E892CA17A84FF6A54264F6;
			remoteInfo = brotlienc;
		};
		859C057D25C645F400BAFE90 /* PBXContainerItemProxy */ = {
			isa = PBXContainerItemProxy;
			containerPortal = 859C054525C645F300BAFE90 /* JPEGXL.xcodeproj */;
			proxyType = 2;
			remoteGlobalIDString = 562B44AA986F44A9BCDF98CA;
			remoteInfo = "brotlienc-static";
		};
		859C057F25C645F400BAFE90 /* PBXContainerItemProxy */ = {
			isa = PBXContainerItemProxy;
			containerPortal = 859C054525C645F300BAFE90 /* JPEGXL.xcodeproj */;
			proxyType = 2;
			remoteGlobalIDString = 146A14527E9243BB89F71591;
			remoteInfo = cjxl;
		};
		859C058125C645F400BAFE90 /* PBXContainerItemProxy */ = {
			isa = PBXContainerItemProxy;
			containerPortal = 859C054525C645F300BAFE90 /* JPEGXL.xcodeproj */;
			proxyType = 2;
			remoteGlobalIDString = AC055A58397F477E96C3CA0D;
			remoteInfo = cjxltool;
		};
		859C058525C645F400BAFE90 /* PBXContainerItemProxy */ = {
			isa = PBXContainerItemProxy;
			containerPortal = 859C054525C645F300BAFE90 /* JPEGXL.xcodeproj */;
			proxyType = 2;
			remoteGlobalIDString = 30600D592C6540A1AF190A9F;
			remoteInfo = djxl;
		};
		859C058725C645F400BAFE90 /* PBXContainerItemProxy */ = {
			isa = PBXContainerItemProxy;
			containerPortal = 859C054525C645F300BAFE90 /* JPEGXL.xcodeproj */;
			proxyType = 2;
			remoteGlobalIDString = 1BDC793679784488B2299032;
			remoteInfo = djxltool;
		};
		859C058B25C645F400BAFE90 /* PBXContainerItemProxy */ = {
			isa = PBXContainerItemProxy;
			containerPortal = 859C054525C645F300BAFE90 /* JPEGXL.xcodeproj */;
			proxyType = 2;
			remoteGlobalIDString = AD55EC1FC5CC468486191807;
			remoteInfo = hwy;
		};
		859C058F25C645F400BAFE90 /* PBXContainerItemProxy */ = {
			isa = PBXContainerItemProxy;
			containerPortal = 859C054525C645F300BAFE90 /* JPEGXL.xcodeproj */;
			proxyType = 2;
			remoteGlobalIDString = BD711C296518461189044D3A;
			remoteInfo = hwy_list_targets;
		};
		859C059125C645F400BAFE90 /* PBXContainerItemProxy */ = {
			isa = PBXContainerItemProxy;
			containerPortal = 859C054525C645F300BAFE90 /* JPEGXL.xcodeproj */;
			proxyType = 2;
			remoteGlobalIDString = BCA9BFEE821B4FAA887DAD4E;
			remoteInfo = jxl;
		};
		859C059325C645F400BAFE90 /* PBXContainerItemProxy */ = {
			isa = PBXContainerItemProxy;
			containerPortal = 859C054525C645F300BAFE90 /* JPEGXL.xcodeproj */;
			proxyType = 2;
			remoteGlobalIDString = C4AE849AC218418F8244D766;
			remoteInfo = "jxl-obj";
		};
		859C059525C645F400BAFE90 /* PBXContainerItemProxy */ = {
			isa = PBXContainerItemProxy;
			containerPortal = 859C054525C645F300BAFE90 /* JPEGXL.xcodeproj */;
			proxyType = 2;
			remoteGlobalIDString = 8A2EF823B249423D870931BE;
			remoteInfo = "jxl-static";
		};
		859C059725C645F400BAFE90 /* PBXContainerItemProxy */ = {
			isa = PBXContainerItemProxy;
			containerPortal = 859C054525C645F300BAFE90 /* JPEGXL.xcodeproj */;
			proxyType = 2;
			remoteGlobalIDString = 58F886D9498340F4A830B26E;
			remoteInfo = "jxl_extras-static";
		};
		859C059925C645F400BAFE90 /* PBXContainerItemProxy */ = {
			isa = PBXContainerItemProxy;
			containerPortal = 859C054525C645F300BAFE90 /* JPEGXL.xcodeproj */;
			proxyType = 2;
			remoteGlobalIDString = 53E0C32A5F2142F0848FD9DA;
			remoteInfo = jxl_threads;
		};
		859C059B25C645F400BAFE90 /* PBXContainerItemProxy */ = {
			isa = PBXContainerItemProxy;
			containerPortal = 859C054525C645F300BAFE90 /* JPEGXL.xcodeproj */;
			proxyType = 2;
			remoteGlobalIDString = 95124A4897E24D118DC0544B;
			remoteInfo = "jxl_threads-static";
		};
		859C059D25C645F400BAFE90 /* PBXContainerItemProxy */ = {
			isa = PBXContainerItemProxy;
			containerPortal = 859C054525C645F300BAFE90 /* JPEGXL.xcodeproj */;
			proxyType = 2;
			remoteGlobalIDString = 3EA21929787B4C12BB580966;
			remoteInfo = jxl_tool;
		};
		859C05A525C645F400BAFE90 /* PBXContainerItemProxy */ = {
			isa = PBXContainerItemProxy;
			containerPortal = 859C054525C645F300BAFE90 /* JPEGXL.xcodeproj */;
			proxyType = 2;
			remoteGlobalIDString = A1D9563247804A1D9D6BD313;
			remoteInfo = skcms;
		};
		859C08EC25C655CC00BAFE90 /* PBXContainerItemProxy */ = {
			isa = PBXContainerItemProxy;
			containerPortal = 859C054525C645F300BAFE90 /* JPEGXL.xcodeproj */;
			proxyType = 1;
			remoteGlobalIDString = FE4A7DF825C443A8A1E4777C;
			remoteInfo = "jxl-static";
		};
		859C08EE25C655CC00BAFE90 /* PBXContainerItemProxy */ = {
			isa = PBXContainerItemProxy;
			containerPortal = 859C054525C645F300BAFE90 /* JPEGXL.xcodeproj */;
			proxyType = 1;
			remoteGlobalIDString = A151973A8CAF43BFAC77C6CC;
			remoteInfo = "jxl_threads-static";
		};
		859C08F425C6560900BAFE90 /* PBXContainerItemProxy */ = {
			isa = PBXContainerItemProxy;
			containerPortal = 859C054525C645F300BAFE90 /* JPEGXL.xcodeproj */;
			proxyType = 1;
			remoteGlobalIDString = 9EDF44AAB0004401B73E745D;
			remoteInfo = hwy;
		};
		859C08F925C6562C00BAFE90 /* PBXContainerItemProxy */ = {
			isa = PBXContainerItemProxy;
			containerPortal = 859C054525C645F300BAFE90 /* JPEGXL.xcodeproj */;
			proxyType = 1;
			remoteGlobalIDString = FA0191253EAF42FC90EAD412;
			remoteInfo = skcms;
		};
		859C08FE25C6564200BAFE90 /* PBXContainerItemProxy */ = {
			isa = PBXContainerItemProxy;
			containerPortal = 859C054525C645F300BAFE90 /* JPEGXL.xcodeproj */;
			proxyType = 1;
			remoteGlobalIDString = DB29F7913F1644E1A4FA4963;
			remoteInfo = "brotlicommon-static";
		};
		859C090025C6564200BAFE90 /* PBXContainerItemProxy */ = {
			isa = PBXContainerItemProxy;
			containerPortal = 859C054525C645F300BAFE90 /* JPEGXL.xcodeproj */;
			proxyType = 1;
			remoteGlobalIDString = F745009A255640A995EE10DB;
			remoteInfo = "brotlidec-static";
		};
		859C090225C6564200BAFE90 /* PBXContainerItemProxy */ = {
			isa = PBXContainerItemProxy;
			containerPortal = 859C054525C645F300BAFE90 /* JPEGXL.xcodeproj */;
			proxyType = 1;
			remoteGlobalIDString = 10AE5D7483AC44CB9B69FBB4;
			remoteInfo = "brotlienc-static";
		};
		85FC6DD325BAC56E00A1AAF4 /* PBXContainerItemProxy */ = {
			isa = PBXContainerItemProxy;
			containerPortal = 8573555525B56054005FF7C2 /* Project object */;
			proxyType = 1;
			remoteGlobalIDString = 85FC6DC725BAC56E00A1AAF4;
			remoteInfo = JXQuickLook;
		};
/* End PBXContainerItemProxy section */

/* Begin PBXCopyFilesBuildPhase section */
		859C0BA925C7E22900BAFE90 /* Embed Frameworks */ = {
			isa = PBXCopyFilesBuildPhase;
			buildActionMask = 2147483647;
			dstPath = "";
			dstSubfolderSpec = 10;
			files = (
				859C0BA825C7E22800BAFE90 /* Sparkle.framework in Embed Frameworks */,
			);
			name = "Embed Frameworks";
			runOnlyForDeploymentPostprocessing = 0;
		};
		85FC6DD625BAC56E00A1AAF4 /* Embed App Extensions */ = {
			isa = PBXCopyFilesBuildPhase;
			buildActionMask = 2147483647;
			dstPath = "";
			dstSubfolderSpec = 13;
			files = (
				85FC6DD525BAC56E00A1AAF4 /* JXQuickLook.appex in Embed App Extensions */,
			);
			name = "Embed App Extensions";
			runOnlyForDeploymentPostprocessing = 0;
		};
/* End PBXCopyFilesBuildPhase section */

/* Begin PBXFileReference section */
		8573555D25B56054005FF7C2 /* JXLook.app */ = {isa = PBXFileReference; explicitFileType = wrapper.application; includeInIndex = 0; path = JXLook.app; sourceTree = BUILT_PRODUCTS_DIR; };
		8573556025B56054005FF7C2 /* AppDelegate.swift */ = {isa = PBXFileReference; lastKnownFileType = sourcecode.swift; path = AppDelegate.swift; sourceTree = "<group>"; };
		8573556225B56054005FF7C2 /* ViewController.swift */ = {isa = PBXFileReference; lastKnownFileType = sourcecode.swift; path = ViewController.swift; sourceTree = "<group>"; };
		8573556425B56054005FF7C2 /* Document.swift */ = {isa = PBXFileReference; lastKnownFileType = sourcecode.swift; path = Document.swift; sourceTree = "<group>"; };
		8573556625B56055005FF7C2 /* Assets.xcassets */ = {isa = PBXFileReference; lastKnownFileType = folder.assetcatalog; path = Assets.xcassets; sourceTree = "<group>"; };
		8573556925B56055005FF7C2 /* Base */ = {isa = PBXFileReference; lastKnownFileType = file.storyboard; name = Base; path = Base.lproj/Main.storyboard; sourceTree = "<group>"; };
		8573556B25B56055005FF7C2 /* Info.plist */ = {isa = PBXFileReference; lastKnownFileType = text.plist.xml; path = Info.plist; sourceTree = "<group>"; };
		8573556C25B56055005FF7C2 /* JXLook.entitlements */ = {isa = PBXFileReference; lastKnownFileType = text.plist.entitlements; path = JXLook.entitlements; sourceTree = "<group>"; };
		8573557125B56055005FF7C2 /* JXLookTests.xctest */ = {isa = PBXFileReference; explicitFileType = wrapper.cfbundle; includeInIndex = 0; path = JXLookTests.xctest; sourceTree = BUILT_PRODUCTS_DIR; };
		8573557525B56055005FF7C2 /* JXLookTests.swift */ = {isa = PBXFileReference; lastKnownFileType = sourcecode.swift; path = JXLookTests.swift; sourceTree = "<group>"; };
		8573557725B56055005FF7C2 /* Info.plist */ = {isa = PBXFileReference; lastKnownFileType = text.plist.xml; path = Info.plist; sourceTree = "<group>"; };
		8573557C25B56055005FF7C2 /* JXLookUITests.xctest */ = {isa = PBXFileReference; explicitFileType = wrapper.cfbundle; includeInIndex = 0; path = JXLookUITests.xctest; sourceTree = BUILT_PRODUCTS_DIR; };
		8573558025B56055005FF7C2 /* JXLookUITests.swift */ = {isa = PBXFileReference; lastKnownFileType = sourcecode.swift; path = JXLookUITests.swift; sourceTree = "<group>"; };
		8573558225B56055005FF7C2 /* Info.plist */ = {isa = PBXFileReference; lastKnownFileType = text.plist.xml; path = Info.plist; sourceTree = "<group>"; };
		857355F125B5624E005FF7C2 /* JXLook-Bridging-Header.h */ = {isa = PBXFileReference; lastKnownFileType = sourcecode.c.h; path = "JXLook-Bridging-Header.h"; sourceTree = "<group>"; };
		8573564725B5D4E2005FF7C2 /* libc++.tbd */ = {isa = PBXFileReference; lastKnownFileType = "sourcecode.text-based-dylib-definition"; name = "libc++.tbd"; path = "usr/lib/libc++.tbd"; sourceTree = SDKROOT; };
		8598D00E25B805AE00C08958 /* CenterClipView.swift */ = {isa = PBXFileReference; lastKnownFileType = sourcecode.swift; path = CenterClipView.swift; sourceTree = "<group>"; };
		859C054525C645F300BAFE90 /* JPEGXL.xcodeproj */ = {isa = PBXFileReference; lastKnownFileType = "wrapper.pb-project"; name = JPEGXL.xcodeproj; path = "jpeg-xl/xcode/JPEGXL.xcodeproj"; sourceTree = "<group>"; };
		859C090925C6566400BAFE90 /* libc++.1.tbd */ = {isa = PBXFileReference; lastKnownFileType = "sourcecode.text-based-dylib-definition"; name = "libc++.1.tbd"; path = "usr/lib/libc++.1.tbd"; sourceTree = SDKROOT; };
		859C0BA525C7E20000BAFE90 /* Sparkle.framework */ = {isa = PBXFileReference; lastKnownFileType = wrapper.framework; path = Sparkle.framework; sourceTree = "<group>"; };
		85FC6DC825BAC56E00A1AAF4 /* JXQuickLook.appex */ = {isa = PBXFileReference; explicitFileType = "wrapper.app-extension"; includeInIndex = 0; path = JXQuickLook.appex; sourceTree = BUILT_PRODUCTS_DIR; };
		85FC6DC925BAC56E00A1AAF4 /* Quartz.framework */ = {isa = PBXFileReference; lastKnownFileType = wrapper.framework; name = Quartz.framework; path = System/Library/Frameworks/Quartz.framework; sourceTree = SDKROOT; };
		85FC6DCC25BAC56E00A1AAF4 /* PreviewViewController.swift */ = {isa = PBXFileReference; lastKnownFileType = sourcecode.swift; path = PreviewViewController.swift; sourceTree = "<group>"; };
		85FC6DCF25BAC56E00A1AAF4 /* Base */ = {isa = PBXFileReference; lastKnownFileType = file.xib; name = Base; path = Base.lproj/PreviewViewController.xib; sourceTree = "<group>"; };
		85FC6DD125BAC56E00A1AAF4 /* Info.plist */ = {isa = PBXFileReference; lastKnownFileType = text.plist.xml; path = Info.plist; sourceTree = "<group>"; };
		85FC6DD225BAC56E00A1AAF4 /* JXQuickLook.entitlements */ = {isa = PBXFileReference; lastKnownFileType = text.plist.entitlements; path = JXQuickLook.entitlements; sourceTree = "<group>"; };
		85FC6E4725BAD00000A1AAF4 /* JXQuickLook-Bridging-Header.h */ = {isa = PBXFileReference; lastKnownFileType = sourcecode.c.h; path = "JXQuickLook-Bridging-Header.h"; sourceTree = "<group>"; };
		85FC6E4F25BAD03500A1AAF4 /* JXL.swift */ = {isa = PBXFileReference; lastKnownFileType = sourcecode.swift; path = JXL.swift; sourceTree = "<group>"; };
/* End PBXFileReference section */

/* Begin PBXFrameworksBuildPhase section */
		8573555A25B56054005FF7C2 /* Frameworks */ = {
			isa = PBXFrameworksBuildPhase;
			buildActionMask = 2147483647;
			files = (
				859C091425C656DE00BAFE90 /* libc++.tbd in Frameworks */,
				859C090D25C656D500BAFE90 /* libbrotlicommon-static.a in Frameworks */,
				859C090E25C656D500BAFE90 /* libbrotlidec-static.a in Frameworks */,
				859C090F25C656D500BAFE90 /* libbrotlienc-static.a in Frameworks */,
				859C0BA725C7E22800BAFE90 /* Sparkle.framework in Frameworks */,
				859C091025C656D500BAFE90 /* libhwy.a in Frameworks */,
				859C091125C656D500BAFE90 /* libjxl_threads.a in Frameworks */,
				859C091225C656D500BAFE90 /* libjxl.a in Frameworks */,
				859C091325C656D500BAFE90 /* libskcms.a in Frameworks */,
			);
			runOnlyForDeploymentPostprocessing = 0;
		};
		8573556E25B56055005FF7C2 /* Frameworks */ = {
			isa = PBXFrameworksBuildPhase;
			buildActionMask = 2147483647;
			files = (
			);
			runOnlyForDeploymentPostprocessing = 0;
		};
		8573557925B56055005FF7C2 /* Frameworks */ = {
			isa = PBXFrameworksBuildPhase;
			buildActionMask = 2147483647;
			files = (
			);
			runOnlyForDeploymentPostprocessing = 0;
		};
		85FC6DC525BAC56E00A1AAF4 /* Frameworks */ = {
			isa = PBXFrameworksBuildPhase;
			buildActionMask = 2147483647;
			files = (
				859C090A25C6566400BAFE90 /* libc++.1.tbd in Frameworks */,
				859C090425C6564F00BAFE90 /* libbrotlicommon-static.a in Frameworks */,
				859C090525C6564F00BAFE90 /* libbrotlidec-static.a in Frameworks */,
				859C090625C6564F00BAFE90 /* libbrotlienc-static.a in Frameworks */,
				859C08FB25C6563100BAFE90 /* libskcms.a in Frameworks */,
				859C08F625C6561100BAFE90 /* libhwy.a in Frameworks */,
				859C08F025C655E400BAFE90 /* libjxl_threads.a in Frameworks */,
				859C08F125C655E400BAFE90 /* libjxl.a in Frameworks */,
				85FC6DCA25BAC56E00A1AAF4 /* Quartz.framework in Frameworks */,
			);
			runOnlyForDeploymentPostprocessing = 0;
		};
/* End PBXFrameworksBuildPhase section */

/* Begin PBXGroup section */
		8573555425B56054005FF7C2 = {
			isa = PBXGroup;
			children = (
				859C054525C645F300BAFE90 /* JPEGXL.xcodeproj */,
				8573555F25B56054005FF7C2 /* JXLook */,
				8573557425B56055005FF7C2 /* JXLookTests */,
				8573557F25B56055005FF7C2 /* JXLookUITests */,
				85FC6DCB25BAC56E00A1AAF4 /* JXQuickLook */,
				8573555E25B56054005FF7C2 /* Products */,
				8573563025B57300005FF7C2 /* Frameworks */,
			);
			sourceTree = "<group>";
		};
		8573555E25B56054005FF7C2 /* Products */ = {
			isa = PBXGroup;
			children = (
				8573555D25B56054005FF7C2 /* JXLook.app */,
				8573557125B56055005FF7C2 /* JXLookTests.xctest */,
				8573557C25B56055005FF7C2 /* JXLookUITests.xctest */,
				85FC6DC825BAC56E00A1AAF4 /* JXQuickLook.appex */,
			);
			name = Products;
			sourceTree = "<group>";
		};
		8573555F25B56054005FF7C2 /* JXLook */ = {
			isa = PBXGroup;
			children = (
				85FC6E4F25BAD03500A1AAF4 /* JXL.swift */,
				8573556025B56054005FF7C2 /* AppDelegate.swift */,
				8573556225B56054005FF7C2 /* ViewController.swift */,
				8598D00E25B805AE00C08958 /* CenterClipView.swift */,
				8573556425B56054005FF7C2 /* Document.swift */,
				8573556625B56055005FF7C2 /* Assets.xcassets */,
				8573556825B56055005FF7C2 /* Main.storyboard */,
				8573556B25B56055005FF7C2 /* Info.plist */,
				8573556C25B56055005FF7C2 /* JXLook.entitlements */,
				857355F125B5624E005FF7C2 /* JXLook-Bridging-Header.h */,
			);
			path = JXLook;
			sourceTree = "<group>";
		};
		8573557425B56055005FF7C2 /* JXLookTests */ = {
			isa = PBXGroup;
			children = (
				8573557525B56055005FF7C2 /* JXLookTests.swift */,
				8573557725B56055005FF7C2 /* Info.plist */,
			);
			path = JXLookTests;
			sourceTree = "<group>";
		};
		8573557F25B56055005FF7C2 /* JXLookUITests */ = {
			isa = PBXGroup;
			children = (
				8573558025B56055005FF7C2 /* JXLookUITests.swift */,
				8573558225B56055005FF7C2 /* Info.plist */,
			);
			path = JXLookUITests;
			sourceTree = "<group>";
		};
		8573563025B57300005FF7C2 /* Frameworks */ = {
			isa = PBXGroup;
			children = (
				859C0BA525C7E20000BAFE90 /* Sparkle.framework */,
				859C090925C6566400BAFE90 /* libc++.1.tbd */,
				8573564725B5D4E2005FF7C2 /* libc++.tbd */,
				85FC6DC925BAC56E00A1AAF4 /* Quartz.framework */,
			);
			name = Frameworks;
			sourceTree = "<group>";
		};
		859C054625C645F300BAFE90 /* Products */ = {
			isa = PBXGroup;
			children = (
				859C057025C645F400BAFE90 /* libbox.a */,
				859C057425C645F400BAFE90 /* libbrotlicommon.1.0.7.dylib */,
				859C057625C645F400BAFE90 /* libbrotlicommon-static.a */,
				859C057825C645F400BAFE90 /* libbrotlidec.1.0.7.dylib */,
				859C057A25C645F400BAFE90 /* libbrotlidec-static.a */,
				859C057C25C645F400BAFE90 /* libbrotlienc.1.0.7.dylib */,
				859C057E25C645F400BAFE90 /* libbrotlienc-static.a */,
				859C058025C645F400BAFE90 /* cjxl */,
				859C058225C645F400BAFE90 /* libcjxltool.a */,
				859C058625C645F400BAFE90 /* djxl */,
				859C058825C645F400BAFE90 /* libdjxltool.a */,
				859C058C25C645F400BAFE90 /* libhwy.a */,
				859C059025C645F400BAFE90 /* hwy_list_targets */,
				859C059225C645F400BAFE90 /* libjxl.0.3.0.dylib */,
				859C059425C645F400BAFE90 /* libjxl-obj.a */,
				859C059625C645F400BAFE90 /* libjxl.a */,
				859C059825C645F400BAFE90 /* libjxl_extras-static.a */,
				859C059A25C645F400BAFE90 /* libjxl_threads.0.3.0.dylib */,
				859C059C25C645F400BAFE90 /* libjxl_threads.a */,
				859C059E25C645F400BAFE90 /* libjxl_tool.a */,
				859C05A625C645F400BAFE90 /* libskcms.a */,
			);
			name = Products;
			sourceTree = "<group>";
		};
		85FC6DCB25BAC56E00A1AAF4 /* JXQuickLook */ = {
			isa = PBXGroup;
			children = (
				85FC6DCC25BAC56E00A1AAF4 /* PreviewViewController.swift */,
				85FC6DCE25BAC56E00A1AAF4 /* PreviewViewController.xib */,
				85FC6DD125BAC56E00A1AAF4 /* Info.plist */,
				85FC6DD225BAC56E00A1AAF4 /* JXQuickLook.entitlements */,
				85FC6E4725BAD00000A1AAF4 /* JXQuickLook-Bridging-Header.h */,
			);
			path = JXQuickLook;
			sourceTree = "<group>";
		};
/* End PBXGroup section */

/* Begin PBXNativeTarget section */
		8573555C25B56054005FF7C2 /* JXLook */ = {
			isa = PBXNativeTarget;
			buildConfigurationList = 8573558525B56055005FF7C2 /* Build configuration list for PBXNativeTarget "JXLook" */;
			buildPhases = (
				8573555925B56054005FF7C2 /* Sources */,
				8573555A25B56054005FF7C2 /* Frameworks */,
				8573555B25B56054005FF7C2 /* Resources */,
				85FC6DD625BAC56E00A1AAF4 /* Embed App Extensions */,
				859C0BA925C7E22900BAFE90 /* Embed Frameworks */,
			);
			buildRules = (
			);
			dependencies = (
				85FC6DD425BAC56E00A1AAF4 /* PBXTargetDependency */,
			);
			name = JXLook;
			productName = JXLook;
			productReference = 8573555D25B56054005FF7C2 /* JXLook.app */;
			productType = "com.apple.product-type.application";
		};
		8573557025B56055005FF7C2 /* JXLookTests */ = {
			isa = PBXNativeTarget;
			buildConfigurationList = 8573558825B56055005FF7C2 /* Build configuration list for PBXNativeTarget "JXLookTests" */;
			buildPhases = (
				8573556D25B56055005FF7C2 /* Sources */,
				8573556E25B56055005FF7C2 /* Frameworks */,
				8573556F25B56055005FF7C2 /* Resources */,
			);
			buildRules = (
			);
			dependencies = (
				8573557325B56055005FF7C2 /* PBXTargetDependency */,
			);
			name = JXLookTests;
			productName = JXLookTests;
			productReference = 8573557125B56055005FF7C2 /* JXLookTests.xctest */;
			productType = "com.apple.product-type.bundle.unit-test";
		};
		8573557B25B56055005FF7C2 /* JXLookUITests */ = {
			isa = PBXNativeTarget;
			buildConfigurationList = 8573558B25B56055005FF7C2 /* Build configuration list for PBXNativeTarget "JXLookUITests" */;
			buildPhases = (
				8573557825B56055005FF7C2 /* Sources */,
				8573557925B56055005FF7C2 /* Frameworks */,
				8573557A25B56055005FF7C2 /* Resources */,
			);
			buildRules = (
			);
			dependencies = (
				8573557E25B56055005FF7C2 /* PBXTargetDependency */,
			);
			name = JXLookUITests;
			productName = JXLookUITests;
			productReference = 8573557C25B56055005FF7C2 /* JXLookUITests.xctest */;
			productType = "com.apple.product-type.bundle.ui-testing";
		};
		85FC6DC725BAC56E00A1AAF4 /* JXQuickLook */ = {
			isa = PBXNativeTarget;
			buildConfigurationList = 85FC6DD925BAC56E00A1AAF4 /* Build configuration list for PBXNativeTarget "JXQuickLook" */;
			buildPhases = (
				85FC6DC425BAC56E00A1AAF4 /* Sources */,
				85FC6DC525BAC56E00A1AAF4 /* Frameworks */,
				85FC6DC625BAC56E00A1AAF4 /* Resources */,
			);
			buildRules = (
			);
			dependencies = (
				859C08FF25C6564200BAFE90 /* PBXTargetDependency */,
				859C090125C6564200BAFE90 /* PBXTargetDependency */,
				859C090325C6564200BAFE90 /* PBXTargetDependency */,
				859C08FA25C6562C00BAFE90 /* PBXTargetDependency */,
				859C08F525C6560900BAFE90 /* PBXTargetDependency */,
				859C08ED25C655CC00BAFE90 /* PBXTargetDependency */,
				859C08EF25C655CC00BAFE90 /* PBXTargetDependency */,
			);
			name = JXQuickLook;
			productName = JXQuickLook;
			productReference = 85FC6DC825BAC56E00A1AAF4 /* JXQuickLook.appex */;
			productType = "com.apple.product-type.app-extension";
		};
/* End PBXNativeTarget section */

/* Begin PBXProject section */
		8573555525B56054005FF7C2 /* Project object */ = {
			isa = PBXProject;
			attributes = {
				LastSwiftUpdateCheck = 1220;
				LastUpgradeCheck = 1220;
				TargetAttributes = {
					8573555C25B56054005FF7C2 = {
						CreatedOnToolsVersion = 12.2;
						LastSwiftMigration = 1220;
					};
					8573557025B56055005FF7C2 = {
						CreatedOnToolsVersion = 12.2;
						TestTargetID = 8573555C25B56054005FF7C2;
					};
					8573557B25B56055005FF7C2 = {
						CreatedOnToolsVersion = 12.2;
						TestTargetID = 8573555C25B56054005FF7C2;
					};
					85FC6DC725BAC56E00A1AAF4 = {
						CreatedOnToolsVersion = 12.2;
						LastSwiftMigration = 1220;
					};
				};
			};
			buildConfigurationList = 8573555825B56054005FF7C2 /* Build configuration list for PBXProject "JXLook" */;
			compatibilityVersion = "Xcode 9.3";
			developmentRegion = en;
			hasScannedForEncodings = 0;
			knownRegions = (
				en,
				Base,
			);
			mainGroup = 8573555425B56054005FF7C2;
			productRefGroup = 8573555E25B56054005FF7C2 /* Products */;
			projectDirPath = "";
			projectReferences = (
				{
					ProductGroup = 859C054625C645F300BAFE90 /* Products */;
					ProjectRef = 859C054525C645F300BAFE90 /* JPEGXL.xcodeproj */;
				},
			);
			projectRoot = "";
			targets = (
				8573555C25B56054005FF7C2 /* JXLook */,
				8573557025B56055005FF7C2 /* JXLookTests */,
				8573557B25B56055005FF7C2 /* JXLookUITests */,
				85FC6DC725BAC56E00A1AAF4 /* JXQuickLook */,
			);
		};
/* End PBXProject section */

/* Begin PBXReferenceProxy section */
		859C057025C645F400BAFE90 /* libbox.a */ = {
			isa = PBXReferenceProxy;
			fileType = archive.ar;
			path = libbox.a;
			remoteRef = 859C056F25C645F400BAFE90 /* PBXContainerItemProxy */;
			sourceTree = BUILT_PRODUCTS_DIR;
		};
		859C057425C645F400BAFE90 /* libbrotlicommon.1.0.7.dylib */ = {
			isa = PBXReferenceProxy;
			fileType = "compiled.mach-o.dylib";
			path = libbrotlicommon.1.0.7.dylib;
			remoteRef = 859C057325C645F400BAFE90 /* PBXContainerItemProxy */;
			sourceTree = BUILT_PRODUCTS_DIR;
		};
		859C057625C645F400BAFE90 /* libbrotlicommon-static.a */ = {
			isa = PBXReferenceProxy;
			fileType = archive.ar;
			path = "libbrotlicommon-static.a";
			remoteRef = 859C057525C645F400BAFE90 /* PBXContainerItemProxy */;
			sourceTree = BUILT_PRODUCTS_DIR;
		};
		859C057825C645F400BAFE90 /* libbrotlidec.1.0.7.dylib */ = {
			isa = PBXReferenceProxy;
			fileType = "compiled.mach-o.dylib";
			path = libbrotlidec.1.0.7.dylib;
			remoteRef = 859C057725C645F400BAFE90 /* PBXContainerItemProxy */;
			sourceTree = BUILT_PRODUCTS_DIR;
		};
		859C057A25C645F400BAFE90 /* libbrotlidec-static.a */ = {
			isa = PBXReferenceProxy;
			fileType = archive.ar;
			path = "libbrotlidec-static.a";
			remoteRef = 859C057925C645F400BAFE90 /* PBXContainerItemProxy */;
			sourceTree = BUILT_PRODUCTS_DIR;
		};
		859C057C25C645F400BAFE90 /* libbrotlienc.1.0.7.dylib */ = {
			isa = PBXReferenceProxy;
			fileType = "compiled.mach-o.dylib";
			path = libbrotlienc.1.0.7.dylib;
			remoteRef = 859C057B25C645F400BAFE90 /* PBXContainerItemProxy */;
			sourceTree = BUILT_PRODUCTS_DIR;
		};
		859C057E25C645F400BAFE90 /* libbrotlienc-static.a */ = {
			isa = PBXReferenceProxy;
			fileType = archive.ar;
			path = "libbrotlienc-static.a";
			remoteRef = 859C057D25C645F400BAFE90 /* PBXContainerItemProxy */;
			sourceTree = BUILT_PRODUCTS_DIR;
		};
		859C058025C645F400BAFE90 /* cjxl */ = {
			isa = PBXReferenceProxy;
			fileType = "compiled.mach-o.executable";
			path = cjxl;
			remoteRef = 859C057F25C645F400BAFE90 /* PBXContainerItemProxy */;
			sourceTree = BUILT_PRODUCTS_DIR;
		};
		859C058225C645F400BAFE90 /* libcjxltool.a */ = {
			isa = PBXReferenceProxy;
			fileType = archive.ar;
			path = libcjxltool.a;
			remoteRef = 859C058125C645F400BAFE90 /* PBXContainerItemProxy */;
			sourceTree = BUILT_PRODUCTS_DIR;
		};
		859C058625C645F400BAFE90 /* djxl */ = {
			isa = PBXReferenceProxy;
			fileType = "compiled.mach-o.executable";
			path = djxl;
			remoteRef = 859C058525C645F400BAFE90 /* PBXContainerItemProxy */;
			sourceTree = BUILT_PRODUCTS_DIR;
		};
		859C058825C645F400BAFE90 /* libdjxltool.a */ = {
			isa = PBXReferenceProxy;
			fileType = archive.ar;
			path = libdjxltool.a;
			remoteRef = 859C058725C645F400BAFE90 /* PBXContainerItemProxy */;
			sourceTree = BUILT_PRODUCTS_DIR;
		};
		859C058C25C645F400BAFE90 /* libhwy.a */ = {
			isa = PBXReferenceProxy;
			fileType = archive.ar;
			path = libhwy.a;
			remoteRef = 859C058B25C645F400BAFE90 /* PBXContainerItemProxy */;
			sourceTree = BUILT_PRODUCTS_DIR;
		};
		859C059025C645F400BAFE90 /* hwy_list_targets */ = {
			isa = PBXReferenceProxy;
			fileType = "compiled.mach-o.executable";
			path = hwy_list_targets;
			remoteRef = 859C058F25C645F400BAFE90 /* PBXContainerItemProxy */;
			sourceTree = BUILT_PRODUCTS_DIR;
		};
		859C059225C645F400BAFE90 /* libjxl.0.3.0.dylib */ = {
			isa = PBXReferenceProxy;
			fileType = "compiled.mach-o.dylib";
			path = libjxl.0.3.0.dylib;
			remoteRef = 859C059125C645F400BAFE90 /* PBXContainerItemProxy */;
			sourceTree = BUILT_PRODUCTS_DIR;
		};
		859C059425C645F400BAFE90 /* libjxl-obj.a */ = {
			isa = PBXReferenceProxy;
			fileType = archive.ar;
			path = "libjxl-obj.a";
			remoteRef = 859C059325C645F400BAFE90 /* PBXContainerItemProxy */;
			sourceTree = BUILT_PRODUCTS_DIR;
		};
		859C059625C645F400BAFE90 /* libjxl.a */ = {
			isa = PBXReferenceProxy;
			fileType = archive.ar;
			path = libjxl.a;
			remoteRef = 859C059525C645F400BAFE90 /* PBXContainerItemProxy */;
			sourceTree = BUILT_PRODUCTS_DIR;
		};
		859C059825C645F400BAFE90 /* libjxl_extras-static.a */ = {
			isa = PBXReferenceProxy;
			fileType = archive.ar;
			path = "libjxl_extras-static.a";
			remoteRef = 859C059725C645F400BAFE90 /* PBXContainerItemProxy */;
			sourceTree = BUILT_PRODUCTS_DIR;
		};
		859C059A25C645F400BAFE90 /* libjxl_threads.0.3.0.dylib */ = {
			isa = PBXReferenceProxy;
			fileType = "compiled.mach-o.dylib";
			path = libjxl_threads.0.3.0.dylib;
			remoteRef = 859C059925C645F400BAFE90 /* PBXContainerItemProxy */;
			sourceTree = BUILT_PRODUCTS_DIR;
		};
		859C059C25C645F400BAFE90 /* libjxl_threads.a */ = {
			isa = PBXReferenceProxy;
			fileType = archive.ar;
			path = libjxl_threads.a;
			remoteRef = 859C059B25C645F400BAFE90 /* PBXContainerItemProxy */;
			sourceTree = BUILT_PRODUCTS_DIR;
		};
		859C059E25C645F400BAFE90 /* libjxl_tool.a */ = {
			isa = PBXReferenceProxy;
			fileType = archive.ar;
			path = libjxl_tool.a;
			remoteRef = 859C059D25C645F400BAFE90 /* PBXContainerItemProxy */;
			sourceTree = BUILT_PRODUCTS_DIR;
		};
		859C05A625C645F400BAFE90 /* libskcms.a */ = {
			isa = PBXReferenceProxy;
			fileType = archive.ar;
			path = libskcms.a;
			remoteRef = 859C05A525C645F400BAFE90 /* PBXContainerItemProxy */;
			sourceTree = BUILT_PRODUCTS_DIR;
		};
/* End PBXReferenceProxy section */

/* Begin PBXResourcesBuildPhase section */
		8573555B25B56054005FF7C2 /* Resources */ = {
			isa = PBXResourcesBuildPhase;
			buildActionMask = 2147483647;
			files = (
				8573556725B56055005FF7C2 /* Assets.xcassets in Resources */,
				8573556A25B56055005FF7C2 /* Main.storyboard in Resources */,
			);
			runOnlyForDeploymentPostprocessing = 0;
		};
		8573556F25B56055005FF7C2 /* Resources */ = {
			isa = PBXResourcesBuildPhase;
			buildActionMask = 2147483647;
			files = (
			);
			runOnlyForDeploymentPostprocessing = 0;
		};
		8573557A25B56055005FF7C2 /* Resources */ = {
			isa = PBXResourcesBuildPhase;
			buildActionMask = 2147483647;
			files = (
			);
			runOnlyForDeploymentPostprocessing = 0;
		};
		85FC6DC625BAC56E00A1AAF4 /* Resources */ = {
			isa = PBXResourcesBuildPhase;
			buildActionMask = 2147483647;
			files = (
				85FC6DD025BAC56E00A1AAF4 /* PreviewViewController.xib in Resources */,
			);
			runOnlyForDeploymentPostprocessing = 0;
		};
/* End PBXResourcesBuildPhase section */

/* Begin PBXSourcesBuildPhase section */
		8573555925B56054005FF7C2 /* Sources */ = {
			isa = PBXSourcesBuildPhase;
			buildActionMask = 2147483647;
			files = (
				85FC6E5025BAD03500A1AAF4 /* JXL.swift in Sources */,
				8573556325B56054005FF7C2 /* ViewController.swift in Sources */,
				8573556125B56054005FF7C2 /* AppDelegate.swift in Sources */,
				8573556525B56054005FF7C2 /* Document.swift in Sources */,
				8598D00F25B805AE00C08958 /* CenterClipView.swift in Sources */,
			);
			runOnlyForDeploymentPostprocessing = 0;
		};
		8573556D25B56055005FF7C2 /* Sources */ = {
			isa = PBXSourcesBuildPhase;
			buildActionMask = 2147483647;
			files = (
				8573557625B56055005FF7C2 /* JXLookTests.swift in Sources */,
			);
			runOnlyForDeploymentPostprocessing = 0;
		};
		8573557825B56055005FF7C2 /* Sources */ = {
			isa = PBXSourcesBuildPhase;
			buildActionMask = 2147483647;
			files = (
				8573558125B56055005FF7C2 /* JXLookUITests.swift in Sources */,
			);
			runOnlyForDeploymentPostprocessing = 0;
		};
		85FC6DC425BAC56E00A1AAF4 /* Sources */ = {
			isa = PBXSourcesBuildPhase;
			buildActionMask = 2147483647;
			files = (
				85FC6DCD25BAC56E00A1AAF4 /* PreviewViewController.swift in Sources */,
				85FC6E5125BAD03500A1AAF4 /* JXL.swift in Sources */,
			);
			runOnlyForDeploymentPostprocessing = 0;
		};
/* End PBXSourcesBuildPhase section */

/* Begin PBXTargetDependency section */
		8573557325B56055005FF7C2 /* PBXTargetDependency */ = {
			isa = PBXTargetDependency;
			target = 8573555C25B56054005FF7C2 /* JXLook */;
			targetProxy = 8573557225B56055005FF7C2 /* PBXContainerItemProxy */;
		};
		8573557E25B56055005FF7C2 /* PBXTargetDependency */ = {
			isa = PBXTargetDependency;
			target = 8573555C25B56054005FF7C2 /* JXLook */;
			targetProxy = 8573557D25B56055005FF7C2 /* PBXContainerItemProxy */;
		};
		859C08ED25C655CC00BAFE90 /* PBXTargetDependency */ = {
			isa = PBXTargetDependency;
			name = "jxl-static";
			targetProxy = 859C08EC25C655CC00BAFE90 /* PBXContainerItemProxy */;
		};
		859C08EF25C655CC00BAFE90 /* PBXTargetDependency */ = {
			isa = PBXTargetDependency;
			name = "jxl_threads-static";
			targetProxy = 859C08EE25C655CC00BAFE90 /* PBXContainerItemProxy */;
		};
		859C08F525C6560900BAFE90 /* PBXTargetDependency */ = {
			isa = PBXTargetDependency;
			name = hwy;
			targetProxy = 859C08F425C6560900BAFE90 /* PBXContainerItemProxy */;
		};
		859C08FA25C6562C00BAFE90 /* PBXTargetDependency */ = {
			isa = PBXTargetDependency;
			name = skcms;
			targetProxy = 859C08F925C6562C00BAFE90 /* PBXContainerItemProxy */;
		};
		859C08FF25C6564200BAFE90 /* PBXTargetDependency */ = {
			isa = PBXTargetDependency;
			name = "brotlicommon-static";
			targetProxy = 859C08FE25C6564200BAFE90 /* PBXContainerItemProxy */;
		};
		859C090125C6564200BAFE90 /* PBXTargetDependency */ = {
			isa = PBXTargetDependency;
			name = "brotlidec-static";
			targetProxy = 859C090025C6564200BAFE90 /* PBXContainerItemProxy */;
		};
		859C090325C6564200BAFE90 /* PBXTargetDependency */ = {
			isa = PBXTargetDependency;
			name = "brotlienc-static";
			targetProxy = 859C090225C6564200BAFE90 /* PBXContainerItemProxy */;
		};
		85FC6DD425BAC56E00A1AAF4 /* PBXTargetDependency */ = {
			isa = PBXTargetDependency;
			target = 85FC6DC725BAC56E00A1AAF4 /* JXQuickLook */;
			targetProxy = 85FC6DD325BAC56E00A1AAF4 /* PBXContainerItemProxy */;
		};
/* End PBXTargetDependency section */

/* Begin PBXVariantGroup section */
		8573556825B56055005FF7C2 /* Main.storyboard */ = {
			isa = PBXVariantGroup;
			children = (
				8573556925B56055005FF7C2 /* Base */,
			);
			name = Main.storyboard;
			sourceTree = "<group>";
		};
		85FC6DCE25BAC56E00A1AAF4 /* PreviewViewController.xib */ = {
			isa = PBXVariantGroup;
			children = (
				85FC6DCF25BAC56E00A1AAF4 /* Base */,
			);
			name = PreviewViewController.xib;
			sourceTree = "<group>";
		};
/* End PBXVariantGroup section */

/* Begin XCBuildConfiguration section */
		8573558325B56055005FF7C2 /* Debug */ = {
			isa = XCBuildConfiguration;
			buildSettings = {
				ALWAYS_SEARCH_USER_PATHS = NO;
				APP_VERSION = 0.1.3;
				CLANG_ANALYZER_NONNULL = YES;
				CLANG_ANALYZER_NUMBER_OBJECT_CONVERSION = YES_AGGRESSIVE;
				CLANG_CXX_LANGUAGE_STANDARD = "gnu++14";
				CLANG_CXX_LIBRARY = "libc++";
				CLANG_ENABLE_MODULES = YES;
				CLANG_ENABLE_OBJC_ARC = YES;
				CLANG_ENABLE_OBJC_WEAK = YES;
				CLANG_WARN_BLOCK_CAPTURE_AUTORELEASING = YES;
				CLANG_WARN_BOOL_CONVERSION = YES;
				CLANG_WARN_COMMA = YES;
				CLANG_WARN_CONSTANT_CONVERSION = YES;
				CLANG_WARN_DEPRECATED_OBJC_IMPLEMENTATIONS = YES;
				CLANG_WARN_DIRECT_OBJC_ISA_USAGE = YES_ERROR;
				CLANG_WARN_DOCUMENTATION_COMMENTS = YES;
				CLANG_WARN_EMPTY_BODY = YES;
				CLANG_WARN_ENUM_CONVERSION = YES;
				CLANG_WARN_INFINITE_RECURSION = YES;
				CLANG_WARN_INT_CONVERSION = YES;
				CLANG_WARN_NON_LITERAL_NULL_CONVERSION = YES;
				CLANG_WARN_OBJC_IMPLICIT_RETAIN_SELF = YES;
				CLANG_WARN_OBJC_LITERAL_CONVERSION = YES;
				CLANG_WARN_OBJC_ROOT_CLASS = YES_ERROR;
				CLANG_WARN_QUOTED_INCLUDE_IN_FRAMEWORK_HEADER = YES;
				CLANG_WARN_RANGE_LOOP_ANALYSIS = YES;
				CLANG_WARN_STRICT_PROTOTYPES = YES;
				CLANG_WARN_SUSPICIOUS_MOVE = YES;
				CLANG_WARN_UNGUARDED_AVAILABILITY = YES_AGGRESSIVE;
				CLANG_WARN_UNREACHABLE_CODE = YES;
				CLANG_WARN__DUPLICATE_METHOD_MATCH = YES;
				COPY_PHASE_STRIP = NO;
				DEBUG_INFORMATION_FORMAT = dwarf;
				ENABLE_STRICT_OBJC_MSGSEND = YES;
				ENABLE_TESTABILITY = YES;
				GCC_C_LANGUAGE_STANDARD = gnu11;
				GCC_DYNAMIC_NO_PIC = NO;
				GCC_NO_COMMON_BLOCKS = YES;
				GCC_OPTIMIZATION_LEVEL = 0;
				GCC_PREPROCESSOR_DEFINITIONS = (
					"DEBUG=1",
					"$(inherited)",
				);
				GCC_WARN_64_TO_32_BIT_CONVERSION = YES;
				GCC_WARN_ABOUT_RETURN_TYPE = YES_ERROR;
				GCC_WARN_UNDECLARED_SELECTOR = YES;
				GCC_WARN_UNINITIALIZED_AUTOS = YES_AGGRESSIVE;
				GCC_WARN_UNUSED_FUNCTION = YES;
				GCC_WARN_UNUSED_VARIABLE = YES;
				MACOSX_DEPLOYMENT_TARGET = 11.0;
				MTL_ENABLE_DEBUG_INFO = INCLUDE_SOURCE;
				MTL_FAST_MATH = YES;
				ONLY_ACTIVE_ARCH = YES;
				SDKROOT = macosx;
				SWIFT_ACTIVE_COMPILATION_CONDITIONS = DEBUG;
				SWIFT_OPTIMIZATION_LEVEL = "-Onone";
			};
			name = Debug;
		};
		8573558425B56055005FF7C2 /* Release */ = {
			isa = XCBuildConfiguration;
			buildSettings = {
				ALWAYS_SEARCH_USER_PATHS = NO;
				APP_VERSION = 0.1.3;
				CLANG_ANALYZER_NONNULL = YES;
				CLANG_ANALYZER_NUMBER_OBJECT_CONVERSION = YES_AGGRESSIVE;
				CLANG_CXX_LANGUAGE_STANDARD = "gnu++14";
				CLANG_CXX_LIBRARY = "libc++";
				CLANG_ENABLE_MODULES = YES;
				CLANG_ENABLE_OBJC_ARC = YES;
				CLANG_ENABLE_OBJC_WEAK = YES;
				CLANG_WARN_BLOCK_CAPTURE_AUTORELEASING = YES;
				CLANG_WARN_BOOL_CONVERSION = YES;
				CLANG_WARN_COMMA = YES;
				CLANG_WARN_CONSTANT_CONVERSION = YES;
				CLANG_WARN_DEPRECATED_OBJC_IMPLEMENTATIONS = YES;
				CLANG_WARN_DIRECT_OBJC_ISA_USAGE = YES_ERROR;
				CLANG_WARN_DOCUMENTATION_COMMENTS = YES;
				CLANG_WARN_EMPTY_BODY = YES;
				CLANG_WARN_ENUM_CONVERSION = YES;
				CLANG_WARN_INFINITE_RECURSION = YES;
				CLANG_WARN_INT_CONVERSION = YES;
				CLANG_WARN_NON_LITERAL_NULL_CONVERSION = YES;
				CLANG_WARN_OBJC_IMPLICIT_RETAIN_SELF = YES;
				CLANG_WARN_OBJC_LITERAL_CONVERSION = YES;
				CLANG_WARN_OBJC_ROOT_CLASS = YES_ERROR;
				CLANG_WARN_QUOTED_INCLUDE_IN_FRAMEWORK_HEADER = YES;
				CLANG_WARN_RANGE_LOOP_ANALYSIS = YES;
				CLANG_WARN_STRICT_PROTOTYPES = YES;
				CLANG_WARN_SUSPICIOUS_MOVE = YES;
				CLANG_WARN_UNGUARDED_AVAILABILITY = YES_AGGRESSIVE;
				CLANG_WARN_UNREACHABLE_CODE = YES;
				CLANG_WARN__DUPLICATE_METHOD_MATCH = YES;
				COPY_PHASE_STRIP = NO;
				DEBUG_INFORMATION_FORMAT = "dwarf-with-dsym";
				ENABLE_NS_ASSERTIONS = NO;
				ENABLE_STRICT_OBJC_MSGSEND = YES;
				GCC_C_LANGUAGE_STANDARD = gnu11;
				GCC_NO_COMMON_BLOCKS = YES;
				GCC_WARN_64_TO_32_BIT_CONVERSION = YES;
				GCC_WARN_ABOUT_RETURN_TYPE = YES_ERROR;
				GCC_WARN_UNDECLARED_SELECTOR = YES;
				GCC_WARN_UNINITIALIZED_AUTOS = YES_AGGRESSIVE;
				GCC_WARN_UNUSED_FUNCTION = YES;
				GCC_WARN_UNUSED_VARIABLE = YES;
				MACOSX_DEPLOYMENT_TARGET = 11.0;
				MTL_ENABLE_DEBUG_INFO = NO;
				MTL_FAST_MATH = YES;
				SDKROOT = macosx;
				SWIFT_COMPILATION_MODE = wholemodule;
				SWIFT_OPTIMIZATION_LEVEL = "-O";
			};
			name = Release;
		};
		8573558625B56055005FF7C2 /* Debug */ = {
			isa = XCBuildConfiguration;
			buildSettings = {
				ALWAYS_EMBED_SWIFT_STANDARD_LIBRARIES = YES;
				ASSETCATALOG_COMPILER_APPICON_NAME = AppIcon;
				ASSETCATALOG_COMPILER_GLOBAL_ACCENT_COLOR_NAME = AccentColor;
				CLANG_ENABLE_MODULES = YES;
				CODE_SIGN_ENTITLEMENTS = JXLook/JXLook.entitlements;
				CODE_SIGN_IDENTITY = "Apple Development";
				CODE_SIGN_STYLE = Automatic;
				COMBINE_HIDPI_IMAGES = YES;
				DEVELOPMENT_TEAM = Z8M6R7T8R8;
				ENABLE_HARDENED_RUNTIME = YES;
				FRAMEWORK_SEARCH_PATHS = (
					"$(inherited)",
					"$(PROJECT_DIR)",
				);
				HEADER_SEARCH_PATHS = "$(PROJECT_DIR)/jpeg-xl/lib/include/**";
				INFOPLIST_FILE = JXLook/Info.plist;
				LD_RUNPATH_SEARCH_PATHS = (
					"@executable_path/../Frameworks",
					"$(inherited)",
				);
				LIBRARY_SEARCH_PATHS = (
					"$(inherited)",
					"$(PROJECT_DIR)/jpeg-xl/lib",
				);
				OTHER_LDFLAGS = "";
				PRODUCT_BUNDLE_IDENTIFIER = org.yllan.JXLook;
				PRODUCT_NAME = "$(TARGET_NAME)";
				PROVISIONING_PROFILE_SPECIFIER = "";
				SWIFT_OBJC_BRIDGING_HEADER = "JXLook/JXLook-Bridging-Header.h";
				SWIFT_OPTIMIZATION_LEVEL = "-Onone";
				SWIFT_VERSION = 5.0;
			};
			name = Debug;
		};
		8573558725B56055005FF7C2 /* Release */ = {
			isa = XCBuildConfiguration;
			buildSettings = {
				ALWAYS_EMBED_SWIFT_STANDARD_LIBRARIES = YES;
				ASSETCATALOG_COMPILER_APPICON_NAME = AppIcon;
				ASSETCATALOG_COMPILER_GLOBAL_ACCENT_COLOR_NAME = AccentColor;
				CLANG_ENABLE_MODULES = YES;
				CODE_SIGN_ENTITLEMENTS = JXLook/JXLook.entitlements;
				CODE_SIGN_IDENTITY = "Apple Development";
				CODE_SIGN_STYLE = Automatic;
				COMBINE_HIDPI_IMAGES = YES;
				DEVELOPMENT_TEAM = Z8M6R7T8R8;
				ENABLE_HARDENED_RUNTIME = YES;
				FRAMEWORK_SEARCH_PATHS = (
					"$(inherited)",
					"$(PROJECT_DIR)",
				);
				HEADER_SEARCH_PATHS = "$(PROJECT_DIR)/jpeg-xl/lib/include/**";
				INFOPLIST_FILE = JXLook/Info.plist;
				LD_RUNPATH_SEARCH_PATHS = (
					"@executable_path/../Frameworks",
					"$(inherited)",
				);
				LIBRARY_SEARCH_PATHS = (
					"$(inherited)",
					"$(PROJECT_DIR)/jpeg-xl/lib",
				);
				OTHER_LDFLAGS = "";
				PRODUCT_BUNDLE_IDENTIFIER = org.yllan.JXLook;
				PRODUCT_NAME = "$(TARGET_NAME)";
				PROVISIONING_PROFILE_SPECIFIER = "";
				SWIFT_OBJC_BRIDGING_HEADER = "JXLook/JXLook-Bridging-Header.h";
				SWIFT_VERSION = 5.0;
			};
			name = Release;
		};
		8573558925B56055005FF7C2 /* Debug */ = {
			isa = XCBuildConfiguration;
			buildSettings = {
				ALWAYS_EMBED_SWIFT_STANDARD_LIBRARIES = YES;
				BUNDLE_LOADER = "$(TEST_HOST)";
				CODE_SIGN_STYLE = Automatic;
				COMBINE_HIDPI_IMAGES = YES;
				DEVELOPMENT_TEAM = Z8M6R7T8R8;
				INFOPLIST_FILE = JXLookTests/Info.plist;
				LD_RUNPATH_SEARCH_PATHS = (
					"$(inherited)",
					"@executable_path/../Frameworks",
					"@loader_path/../Frameworks",
				);
				MACOSX_DEPLOYMENT_TARGET = 11.0;
				PRODUCT_BUNDLE_IDENTIFIER = org.yllan.JXLookTests;
				PRODUCT_NAME = "$(TARGET_NAME)";
				SWIFT_VERSION = 5.0;
				TEST_HOST = "$(BUILT_PRODUCTS_DIR)/JXLook.app/Contents/MacOS/JXLook";
			};
			name = Debug;
		};
		8573558A25B56055005FF7C2 /* Release */ = {
			isa = XCBuildConfiguration;
			buildSettings = {
				ALWAYS_EMBED_SWIFT_STANDARD_LIBRARIES = YES;
				BUNDLE_LOADER = "$(TEST_HOST)";
				CODE_SIGN_STYLE = Automatic;
				COMBINE_HIDPI_IMAGES = YES;
				DEVELOPMENT_TEAM = Z8M6R7T8R8;
				INFOPLIST_FILE = JXLookTests/Info.plist;
				LD_RUNPATH_SEARCH_PATHS = (
					"$(inherited)",
					"@executable_path/../Frameworks",
					"@loader_path/../Frameworks",
				);
				MACOSX_DEPLOYMENT_TARGET = 11.0;
				PRODUCT_BUNDLE_IDENTIFIER = org.yllan.JXLookTests;
				PRODUCT_NAME = "$(TARGET_NAME)";
				SWIFT_VERSION = 5.0;
				TEST_HOST = "$(BUILT_PRODUCTS_DIR)/JXLook.app/Contents/MacOS/JXLook";
			};
			name = Release;
		};
		8573558C25B56055005FF7C2 /* Debug */ = {
			isa = XCBuildConfiguration;
			buildSettings = {
				ALWAYS_EMBED_SWIFT_STANDARD_LIBRARIES = YES;
				CODE_SIGN_STYLE = Automatic;
				COMBINE_HIDPI_IMAGES = YES;
				DEVELOPMENT_TEAM = Z8M6R7T8R8;
				INFOPLIST_FILE = JXLookUITests/Info.plist;
				LD_RUNPATH_SEARCH_PATHS = (
					"$(inherited)",
					"@executable_path/../Frameworks",
					"@loader_path/../Frameworks",
				);
				PRODUCT_BUNDLE_IDENTIFIER = org.yllan.JXLookUITests;
				PRODUCT_NAME = "$(TARGET_NAME)";
				SWIFT_VERSION = 5.0;
				TEST_TARGET_NAME = JXLook;
			};
			name = Debug;
		};
		8573558D25B56055005FF7C2 /* Release */ = {
			isa = XCBuildConfiguration;
			buildSettings = {
				ALWAYS_EMBED_SWIFT_STANDARD_LIBRARIES = YES;
				CODE_SIGN_STYLE = Automatic;
				COMBINE_HIDPI_IMAGES = YES;
				DEVELOPMENT_TEAM = Z8M6R7T8R8;
				INFOPLIST_FILE = JXLookUITests/Info.plist;
				LD_RUNPATH_SEARCH_PATHS = (
					"$(inherited)",
					"@executable_path/../Frameworks",
					"@loader_path/../Frameworks",
				);
				PRODUCT_BUNDLE_IDENTIFIER = org.yllan.JXLookUITests;
				PRODUCT_NAME = "$(TARGET_NAME)";
				SWIFT_VERSION = 5.0;
				TEST_TARGET_NAME = JXLook;
			};
			name = Release;
		};
		85FC6DD725BAC56E00A1AAF4 /* Debug */ = {
			isa = XCBuildConfiguration;
			buildSettings = {
				APPLICATION_EXTENSION_API_ONLY = NO;
				CLANG_ENABLE_MODULES = YES;
				CODE_SIGN_ENTITLEMENTS = JXQuickLook/JXQuickLook.entitlements;
				CODE_SIGN_IDENTITY = "Apple Development";
				CODE_SIGN_STYLE = Automatic;
				DEVELOPMENT_TEAM = Z8M6R7T8R8;
				ENABLE_HARDENED_RUNTIME = YES;
				HEADER_SEARCH_PATHS = "$(PROJECT_DIR)/jpeg-xl/lib/include/**";
				INFOPLIST_FILE = JXQuickLook/Info.plist;
				LD_RUNPATH_SEARCH_PATHS = (
					"$(inherited)",
					"@executable_path/../Frameworks",
					"@executable_path/../../../../Frameworks",
				);
				LIBRARY_SEARCH_PATHS = (
					"$(inherited)",
					"$(PROJECT_DIR)/jpeg-xl/lib",
				);
				PRODUCT_BUNDLE_IDENTIFIER = org.yllan.JXLook.JXQuickLook;
				PRODUCT_NAME = "$(TARGET_NAME)";
				SKIP_INSTALL = YES;
				SWIFT_OBJC_BRIDGING_HEADER = "JXQuickLook/JXQuickLook-Bridging-Header.h";
				SWIFT_OPTIMIZATION_LEVEL = "-Onone";
				SWIFT_VERSION = 5.0;
			};
			name = Debug;
		};
		85FC6DD825BAC56E00A1AAF4 /* Release */ = {
			isa = XCBuildConfiguration;
			buildSettings = {
				APPLICATION_EXTENSION_API_ONLY = NO;
				CLANG_ENABLE_MODULES = YES;
				CODE_SIGN_ENTITLEMENTS = JXQuickLook/JXQuickLook.entitlements;
				CODE_SIGN_IDENTITY = "Apple Development";
				CODE_SIGN_STYLE = Automatic;
				DEVELOPMENT_TEAM = Z8M6R7T8R8;
				ENABLE_HARDENED_RUNTIME = YES;
				HEADER_SEARCH_PATHS = "$(PROJECT_DIR)/jpeg-xl/lib/include/**";
				INFOPLIST_FILE = JXQuickLook/Info.plist;
				LD_RUNPATH_SEARCH_PATHS = (
					"$(inherited)",
					"@executable_path/../Frameworks",
					"@executable_path/../../../../Frameworks",
				);
				LIBRARY_SEARCH_PATHS = (
					"$(inherited)",
					"$(PROJECT_DIR)/jpeg-xl/lib",
				);
				PRODUCT_BUNDLE_IDENTIFIER = org.yllan.JXLook.JXQuickLook;
				PRODUCT_NAME = "$(TARGET_NAME)";
				SKIP_INSTALL = YES;
				SWIFT_OBJC_BRIDGING_HEADER = "JXQuickLook/JXQuickLook-Bridging-Header.h";
				SWIFT_VERSION = 5.0;
			};
			name = Release;
		};
/* End XCBuildConfiguration section */

/* Begin XCConfigurationList section */
		8573555825B56054005FF7C2 /* Build configuration list for PBXProject "JXLook" */ = {
			isa = XCConfigurationList;
			buildConfigurations = (
				8573558325B56055005FF7C2 /* Debug */,
				8573558425B56055005FF7C2 /* Release */,
			);
			defaultConfigurationIsVisible = 0;
			defaultConfigurationName = Release;
		};
		8573558525B56055005FF7C2 /* Build configuration list for PBXNativeTarget "JXLook" */ = {
			isa = XCConfigurationList;
			buildConfigurations = (
				8573558625B56055005FF7C2 /* Debug */,
				8573558725B56055005FF7C2 /* Release */,
			);
			defaultConfigurationIsVisible = 0;
			defaultConfigurationName = Release;
		};
		8573558825B56055005FF7C2 /* Build configuration list for PBXNativeTarget "JXLookTests" */ = {
			isa = XCConfigurationList;
			buildConfigurations = (
				8573558925B56055005FF7C2 /* Debug */,
				8573558A25B56055005FF7C2 /* Release */,
			);
			defaultConfigurationIsVisible = 0;
			defaultConfigurationName = Release;
		};
		8573558B25B56055005FF7C2 /* Build configuration list for PBXNativeTarget "JXLookUITests" */ = {
			isa = XCConfigurationList;
			buildConfigurations = (
				8573558C25B56055005FF7C2 /* Debug */,
				8573558D25B56055005FF7C2 /* Release */,
			);
			defaultConfigurationIsVisible = 0;
			defaultConfigurationName = Release;
		};
		85FC6DD925BAC56E00A1AAF4 /* Build configuration list for PBXNativeTarget "JXQuickLook" */ = {
			isa = XCConfigurationList;
			buildConfigurations = (
				85FC6DD725BAC56E00A1AAF4 /* Debug */,
				85FC6DD825BAC56E00A1AAF4 /* Release */,
			);
			defaultConfigurationIsVisible = 0;
			defaultConfigurationName = Release;
		};
/* End XCConfigurationList section */
	};
	rootObject = 8573555525B56054005FF7C2 /* Project object */;
}
